// !$*UTF8*$!
{
	archiveVersion = 1;
	classes = {
	};
	objectVersion = 38;
	objects = {
		080E96DCFE201CFB7F000001 = {
			fileRef = 29B97318FDCFA39411CA2CEA;
			isa = PBXBuildFile;
			settings = {
			};
		};
		080E96DDFE201D6D7F000001 = {
			children = (
				F5040B0F02A484DA014901DC,
				F5231C7102C2997601000006,
				F5274ED302AE88260100020A,
				F505BFFA02CA9DAE0100020A,
				F57F9FD402B94A0B01000006,
				F57FA4F002B9AB8601000006,
				F578B7B402B3E4DB0100020A,
				F55C817602AF55890100020A,
				F565A8B202EB418701000006,
				F57F9FD302B94A0B01000006,
				F5040B0E02A484DA014901DC,
				F5231C7202C2997601000006,
				F5274ED202AE88260100020A,
				F57FA4EF02B9AB8601000006,
				F578B7B302B3E4DB0100020A,
				F55C817702AF55890100020A,
				F565A8B102EB418701000006,
				F5EDC6B90456666601000002,
				F5EDC6BA0456666601000002,
				F505BFFB02CA9DAE0100020A,
				F578B79D02B3E2AD0100020A,
				F55A246702B2D4FF0100020A,
				F55C817502AF51EF0100020A,
			);
			isa = PBXGroup;
			name = Classes;
			refType = 4;
		};
		089C165CFE840E0CC02AAC07 = {
			children = (
				089C165DFE840E0CC02AAC07,
			);
			isa = PBXVariantGroup;
			name = InfoPlist.strings;
			refType = 4;
		};
		089C165DFE840E0CC02AAC07 = {
			fileEncoding = 10;
			isa = PBXFileReference;
			name = English;
			path = English.lproj/InfoPlist.strings;
			refType = 4;
		};
		089C165EFE840E0CC02AAC07 = {
			fileRef = 089C165CFE840E0CC02AAC07;
			isa = PBXBuildFile;
			settings = {
			};
		};
//080
//081
//082
//083
//084
//100
//101
//102
//103
//104
		1058C7A0FEA54F0111CA2CBB = {
			children = (
				1058C7A1FEA54F0111CA2CBB,
				F5040AF602A46404014901DC,
				F5040AFC02A46537014901DC,
			);
			isa = PBXGroup;
			name = "Linked Frameworks";
			refType = 4;
		};
		1058C7A1FEA54F0111CA2CBB = {
			isa = PBXFrameworkReference;
			name = Cocoa.framework;
			path = /System/Library/Frameworks/Cocoa.framework;
			refType = 0;
		};
		1058C7A2FEA54F0111CA2CBB = {
			children = (
				F5040B0602A47B91014901DC,
				F51C6D3602959587014901DC,
				29B97325FDCFA39411CA2CEA,
				29B97324FDCFA39411CA2CEA,
			);
			isa = PBXGroup;
			name = "Other Frameworks";
			refType = 4;
		};
		1058C7A3FEA54F0111CA2CBB = {
			fileRef = 1058C7A1FEA54F0111CA2CBB;
			isa = PBXBuildFile;
			settings = {
			};
		};
//100
//101
//102
//103
//104
//170
//171
//172
//173
//174
		17587328FF379C6511CA2CBB = {
			isa = PBXApplicationReference;
			path = Celestia.app;
			refType = 3;
		};
//170
//171
//172
//173
//174
//190
//191
//192
//193
//194
		19C28FACFE9D520D11CA2CBB = {
			children = (
				17587328FF379C6511CA2CBB,
			);
			isa = PBXGroup;
			name = Products;
			refType = 4;
		};
//190
//191
//192
//193
//194
//290
//291
//292
//293
//294
		29B97313FDCFA39411CA2CEA = {
			buildStyles = (
				4A9504CCFFE6A4B311CA0CBA,
				4A9504CDFFE6A4B311CA0CBA,
			);
			isa = PBXProject;
			mainGroup = 29B97314FDCFA39411CA2CEA;
			projectDirPath = "";
			targets = (
				29B97326FDCFA39411CA2CEA,
			);
		};
		29B97314FDCFA39411CA2CEA = {
			children = (
				F51C6D38029595BA014901DC,
				080E96DDFE201D6D7F000001,
				29B97315FDCFA39411CA2CEA,
				29B97317FDCFA39411CA2CEA,
				29B97323FDCFA39411CA2CEA,
				19C28FACFE9D520D11CA2CBB,
			);
			isa = PBXGroup;
			name = celestia;
			path = "";
			refType = 4;
		};
		29B97315FDCFA39411CA2CEA = {
			children = (
				29B97316FDCFA39411CA2CEA,
			);
			isa = PBXGroup;
			name = "Other Sources";
			path = "";
			refType = 4;
		};
		29B97316FDCFA39411CA2CEA = {
			isa = PBXFileReference;
			path = main.m;
			refType = 4;
		};
		29B97317FDCFA39411CA2CEA = {
			children = (
				F578B7AE02B3E35F0100020A,
				29B97318FDCFA39411CA2CEA,
				089C165CFE840E0CC02AAC07,
				F5626A1402A49BE1014901DC,
			);
			isa = PBXGroup;
			name = Resources;
			path = "";
			refType = 4;
		};
		29B97318FDCFA39411CA2CEA = {
			children = (
				29B97319FDCFA39411CA2CEA,
			);
			isa = PBXVariantGroup;
			name = MainMenu.nib;
			path = "";
			refType = 4;
		};
		29B97319FDCFA39411CA2CEA = {
			isa = PBXFileReference;
			name = English;
			path = English.lproj/MainMenu.nib;
			refType = 4;
		};
		29B97323FDCFA39411CA2CEA = {
			children = (
				F5040B1202A48AAD014901DC,
				1058C7A0FEA54F0111CA2CBB,
				1058C7A2FEA54F0111CA2CBB,
			);
			isa = PBXGroup;
			name = Frameworks;
			path = "";
			refType = 4;
		};
		29B97324FDCFA39411CA2CEA = {
			isa = PBXFrameworkReference;
			name = AppKit.framework;
			path = /System/Library/Frameworks/AppKit.framework;
			refType = 0;
		};
		29B97325FDCFA39411CA2CEA = {
			isa = PBXFrameworkReference;
			name = Foundation.framework;
			path = /System/Library/Frameworks/Foundation.framework;
			refType = 0;
		};
		29B97326FDCFA39411CA2CEA = {
			buildPhases = (
				29B97327FDCFA39411CA2CEA,
				29B97328FDCFA39411CA2CEA,
				F5040B1402A4976F014901DC,
				29B9732BFDCFA39411CA2CEA,
				29B9732DFDCFA39411CA2CEA,
			);
			buildSettings = {
				DEBUGGING_SYMBOLS = NO;
				FRAMEWORK_SEARCH_PATHS = "";
				HEADER_SEARCH_PATHS = ../src;
				INSTALL_PATH = "$(HOME)/Applications";
				LIBRARY_SEARCH_PATHS = Frameworks;
				OTHER_CFLAGS = "";
				PFE_FILE_C_DIALECTS = "objective-c c++ objective-c++";
				PREBINDING = NO;
				PRODUCT_NAME = Celestia;
				SECTORDER_FLAGS = "";
				USE_GCC3 = YES;
				USE_GCC3_PFE_SUPPORT = YES;
				WARNING_CFLAGS = "-Wmost -Wno-four-char-constants -Wno-unknown-pragmas";
				WRAPPER_EXTENSION = app;
			};
			dependencies = (
			);
			isa = PBXApplicationTarget;
			name = celestia;
			productInstallPath = "$(HOME)/Applications";
			productName = celestia;
			productReference = 17587328FF379C6511CA2CBB;
			productSettingsXML = "<?xml version=\"1.0\" encoding=\"UTF-8\"?>
<!DOCTYPE plist PUBLIC \"-//Apple Computer//DTD PLIST 1.0//EN\" \"http://www.apple.com/DTDs/PropertyList-1.0.dtd\">
<plist version=\"1.0\">
<dict>
	<key>CFBundleDevelopmentRegion</key>
	<string>English</string>
	<key>CFBundleExecutable</key>
	<string>Celestia</string>
	<key>CFBundleHelpBookName</key>
	<string>Celestia Help</string>
	<key>CFBundleIconFile</key>
	<string>celestia.icns</string>
	<key>CFBundleInfoDictionaryVersion</key>
	<string>6.0</string>
	<key>CFBundlePackageType</key>
	<string>APPL</string>
	<key>CFBundleSignature</key>
	<string>????</string>
	<key>CFBundleVersion</key>
	<string>0.1</string>
	<key>NSMainNibFile</key>
	<string>MainMenu</string>
	<key>NSPrincipalClass</key>
	<string>NSApplication</string>
	<key>XCFBundleHelpBookFolder</key>
	<string>Celestia Help</string>
</dict>
</plist>
";
			shouldUseHeadermap = 1;
		};
		29B97327FDCFA39411CA2CEA = {
			buildActionMask = 2147483647;
			files = (
				F5040B1002A484DA014901DC,
				F5D085AA02A57A60014901DC,
				F5D085AB02A57A60014901DC,
				F5D085AC02A57A60014901DC,
				F5D085AD02A57A60014901DC,
				F5D085AE02A57A60014901DC,
				F5D085AF02A57A60014901DC,
				F5D085B002A57A60014901DC,
				F5D085B102A57A60014901DC,
				F5D085B202A57A60014901DC,
				F5D085B302A57A60014901DC,
				F5D085B402A57A60014901DC,
				F5D085B502A57A60014901DC,
				F5D085B602A57A60014901DC,
				F5D085B702A57A60014901DC,
				F5D085B802A57A60014901DC,
				F5D085B902A57A60014901DC,
				F5D085BA02A57A60014901DC,
				F5D085BB02A57A60014901DC,
				F5D085BC02A57A60014901DC,
				F5D085BD02A57A60014901DC,
				F5D085BE02A57A60014901DC,
				F5D085BF02A57A60014901DC,
				F5D085C002A57A60014901DC,
				F5D085C102A57A60014901DC,
				F5D085C202A57A60014901DC,
				F5D085C302A57A60014901DC,
				F5D085C402A57A60014901DC,
				F5D085C502A57A60014901DC,
				F5D085C602A57A60014901DC,
				F5D085C702A57A60014901DC,
				F5D085C802A57A60014901DC,
				F5D085C902A57A60014901DC,
				F5D085D002A57ECD014901DC,
				F5D085D202A582DA014901DC,
				F5D085D302A582DA014901DC,
				F5D085D402A582DA014901DC,
				F5D085D502A582DA014901DC,
				F5D085D602A582DA014901DC,
				F5D085D702A582DA014901DC,
				F5D085D802A582DA014901DC,
				F5D085D902A582DA014901DC,
				F5D085DA02A582DA014901DC,
				F5D085DB02A582DA014901DC,
				F5D085DC02A582DA014901DC,
				F5D085DD02A582DA014901DC,
				F5D085DE02A582DA014901DC,
				F5D085DF02A582DA014901DC,
				F5D085E002A582DA014901DC,
				F5D085E102A582DA014901DC,
				F5D085E202A582DA014901DC,
				F5D085E302A582DA014901DC,
				F5D085E402A582DA014901DC,
				F5D085E502A582DA014901DC,
				F5D085E602A582DA014901DC,
				F5D085E702A582DA014901DC,
				F5D085E802A582DA014901DC,
				F5D085E902A582DA014901DC,
				F5D085EA02A582DA014901DC,
				F5D085EB02A582DA014901DC,
				F5D085EC02A582DA014901DC,
				F5D085ED02A582DA014901DC,
				F5D085EE02A582DA014901DC,
				F5D085EF02A582DA014901DC,
				F5D085F002A582DA014901DC,
				F5D085F102A582DA014901DC,
				F5D085F202A582DA014901DC,
				F5D085F302A582DA014901DC,
				F5D085F402A582DA014901DC,
				F5D085F502A582DA014901DC,
				F5D085F602A582DA014901DC,
				F5D085F702A582DA014901DC,
				F5D085F802A582DA014901DC,
				F5D085F902A582DA014901DC,
				F5D085FA02A582DA014901DC,
				F5D085FB02A582DA014901DC,
				F5D085FC02A582DA014901DC,
				F5D085FD02A582DA014901DC,
				F5D085FE02A582DA014901DC,
				F5D085FF02A582DA014901DC,
				F5D0860002A582DA014901DC,
				F5D0860102A582DA014901DC,
				F5D0860202A582DA014901DC,
				F5274ED402AE88260100020A,
				F51FB0E202AF0C820100020A,
				F55C817802AF55890100020A,
				F55F041302B1105D0100020A,
				F55F041702B149370100020A,
				F55F041A02B1502B0100020A,
				F55F041C02B150810100020A,
				F55F041F02B152180100020A,
				F55F042402B155E00100020A,
				F55F042502B155E00100020A,
				F55F042F02B1596A0100020A,
				F55F043002B1596A0100020A,
				F55F043102B1596A0100020A,
				F55F043202B1596A0100020A,
				F55F043902B159E00100020A,
				F55F043C02B15A5A0100020A,
				F55F043E02B15A820100020A,
				F55F044102B15ABE0100020A,
				F55F044202B15ABE0100020A,
				F55F044402B15AFB0100020A,
				F55F044702B175120100020A,
				F55F044A02B175770100020A,
				F55A246402B2AE6E0100020A,
				F55A246502B2AE6E0100020A,
				F55A246A02B2D9BA0100020A,
				F55A246D02B2DA1A0100020A,
				F58102A402B31BC30100020A,
				F58102AB02B3269F0100020A,
				F58102AC02B3269F0100020A,
				F58102AD02B3269F0100020A,
				F58102AE02B3269F0100020A,
				F578B7A402B3E2DE0100020A,
				F578B7A502B3E2DE0100020A,
				F578B7A602B3E2DE0100020A,
				F578B7B502B3E4DB0100020A,
				F57F9FD502B94A0B01000006,
				F57FA4F102B9AB8601000006,
				F5231C7402C2997601000006,
				F56FFFAB02C571280100020A,
				F56FFFB002C578050100020A,
				F505BFFD02CA9DAE0100020A,
				F565A8B302EB418701000006,
				F53036BE03D908CE01000002,
				F55B3D5F042398D101000002,
				F55B3E7604239F7201000002,
				F55B3E7804239F7201000002,
				F55B3E7A04239F7201000002,
				F55B3E7C04239F7201000002,
				F55B3E7E04239F7201000002,
				F523322A042F819501000002,
				F5EDC6BB0456666601000002,
				F59FA90C04A12E3001000002,
				F581CC7204E0AFDF01000002,
				F581CC7604E0B15701000002,
				F5A0AE6904E89E2401000002,
				F56223DA04F0992001000002,
				F57B5A35057AB63101000002,
				F57B5A39057AB65E01000002,
			);
			isa = PBXHeadersBuildPhase;
			runOnlyForDeploymentPostprocessing = 0;
		};
		29B97328FDCFA39411CA2CEA = {
			buildActionMask = 2147483647;
			files = (
				080E96DCFE201CFB7F000001,
				089C165EFE840E0CC02AAC07,
				F5273E0203EDAB4C01000002,
			);
			isa = PBXResourcesBuildPhase;
			runOnlyForDeploymentPostprocessing = 0;
		};
		29B9732BFDCFA39411CA2CEA = {
			buildActionMask = 2147483647;
			files = (
				29B9732CFDCFA39411CA2CEA,
				F51C6D4C0295968D014901DC,
				F51C6D4D0295968D014901DC,
				F51C6D6C0295987B014901DC,
				F51C6D6D0295987B014901DC,
				F51C6D6E0295987B014901DC,
				F51C6D6F0295987B014901DC,
				F51C6D700295987B014901DC,
				F51C6D710295987B014901DC,
				F51C6D720295987B014901DC,
				F51C6D87029598F9014901DC,
				F51C6D88029598F9014901DC,
				F51C6D89029598F9014901DC,
				F51C6DA702959960014901DC,
				F51C6DA802959960014901DC,
				F51C6DA902959960014901DC,
				F51C6DAA02959960014901DC,
				F51C6E1202959A17014901DC,
				F51C6E1302959A17014901DC,
				F51C6E1402959A17014901DC,
				F51C6E1502959A17014901DC,
				F51C6E1602959A17014901DC,
				F51C6E1702959A17014901DC,
				F51C6E1802959A17014901DC,
				F51C6E1902959A17014901DC,
				F51C6E1A02959A17014901DC,
				F51C6E1B02959A17014901DC,
				F51C6E1C02959A17014901DC,
				F51C6E1D02959A17014901DC,
				F51C6E1E02959A17014901DC,
				F51C6E1F02959A17014901DC,
				F51C6E2102959A17014901DC,
				F51C6E2202959A17014901DC,
				F51C6E2302959A17014901DC,
				F51C6E2402959A17014901DC,
				F51C6E2602959A17014901DC,
				F51C6E2702959A17014901DC,
				F51C6E2802959A17014901DC,
				F51C6E2A02959A17014901DC,
				F51C6E2B02959A17014901DC,
				F51C6E2C02959A17014901DC,
				F51C6E2D02959A17014901DC,
				F51C6E2F02959A17014901DC,
				F51C6E3002959A17014901DC,
				F51C6E3102959A17014901DC,
				F51C6E3202959A17014901DC,
				F51C6E3302959A17014901DC,
				F51C6E3402959A17014901DC,
				F51C6E3502959A17014901DC,
				F51C6E3602959A17014901DC,
				F51C6E3702959A17014901DC,
				F51C6E3802959A17014901DC,
				F51C6E3902959A17014901DC,
				F51C6E3A02959A17014901DC,
				F51C6E3B02959A17014901DC,
				F51C6E3C02959A17014901DC,
				F5040B1102A484DA014901DC,
				F5274ED502AE88260100020A,
				F51FB0DF02AECB430100020A,
				F55C817902AF55890100020A,
				F55F041402B1105D0100020A,
				F55F041802B149370100020A,
				F55F042002B152180100020A,
				F55F042602B155E00100020A,
				F55A246B02B2D9BA0100020A,
				F58102AF02B3269F0100020A,
				F58102B002B3269F0100020A,
				F578B7A702B3E2DE0100020A,
				F578B7A802B3E2DE0100020A,
				F578B7A902B3E2DE0100020A,
				F578B7B602B3E4DC0100020A,
				F59DDEAA02B5F10E0100020A,
				F57F9FD602B94A0B01000006,
				F57FA4F202B9AB8601000006,
				F5231C7302C2997601000006,
				F56FFFAC02C571280100020A,
				F56FFFAF02C578050100020A,
				F505BFFC02CA9DAE0100020A,
				F565A8B402EB418701000006,
				F53036BD03D908CE01000002,
				F52F689F03F6D79001000002,
				F55B3D5B0423985201000002,
				F55B3D5E042398D101000002,
				F55B3E6304239A0101000002,
				F55B3E6704239A8A01000002,
				F55B3E6804239B4F01000002,
				F55B3E6904239C7401000002,
				F55B3E6A04239DC701000002,
				F55B3E7504239F7201000002,
				F55B3E7704239F7201000002,
				F55B3E7904239F7201000002,
				F55B3E7B04239F7201000002,
				F55B3E7D04239F7201000002,
				F55B3E7F04239FE601000002,
				F55B3E810423A1DB01000002,
				F5233229042F819501000002,
				F5EDC6BC0456666601000002,
				F59FA90B04A12E3001000002,
				F581CC7104E0AFDF01000002,
				F581CC7504E0B15701000002,
				F581CC7704E0B1BF01000002,
				F5A0AE6804E89E2401000002,
				F57B5A34057AB63101000002,
				F57B5A38057AB65E01000002,
			);
			isa = PBXSourcesBuildPhase;
			runOnlyForDeploymentPostprocessing = 0;
		};
		29B9732CFDCFA39411CA2CEA = {
			fileRef = 29B97316FDCFA39411CA2CEA;
			isa = PBXBuildFile;
			settings = {
				ATTRIBUTES = (
				);
			};
		};
		29B9732DFDCFA39411CA2CEA = {
			buildActionMask = 2147483647;
			files = (
				F5040B1302A48AAD014901DC,
				F581CB2204D6D24F01000002,
				1058C7A3FEA54F0111CA2CBB,
				F5040AF702A46404014901DC,
			);
			isa = PBXFrameworksBuildPhase;
			runOnlyForDeploymentPostprocessing = 0;
		};
//290
//291
//292
//293
//294
//4A0
//4A1
//4A2
//4A3
//4A4
		4A9504CCFFE6A4B311CA0CBA = {
			buildRules = (
			);
			buildSettings = {
				COPY_PHASE_STRIP = YES;
				OPTIMIZATION_CFLAGS = "-Os";
				OTHER_CFLAGS = "-DWORDS_BIGENDIAN=1 -DMACOSX=1 -DPNG_SUPPORT=1 -DSTDC_HEADERS=1 -DCONFIG_DATA_DIR=\"/usr/local/share/celestia\" -DHAVE_LIBJPEG=1 -DHAVE_LIBPNG=1 -DPACKAGE=\"celestia\" -DVERSION=\"1.2.4\" -DMACOSX_PB=1 -DDEBUG=1 ";
			};
			isa = PBXBuildStyle;
			name = Development;
		};
		4A9504CDFFE6A4B311CA0CBA = {
			buildRules = (
			);
			buildSettings = {
				COPY_PHASE_STRIP = YES;
			};
			isa = PBXBuildStyle;
			name = Deployment;
		};
//4A0
//4A1
//4A2
//4A3
//4A4
//F50
//F51
//F52
//F53
//F54
		F5040AF602A46404014901DC = {
			isa = PBXFrameworkReference;
			name = OpenGL.framework;
			path = /System/Library/Frameworks/OpenGL.framework;
			refType = 0;
		};
		F5040AF702A46404014901DC = {
			fileRef = F5040AF602A46404014901DC;
			isa = PBXBuildFile;
			settings = {
			};
		};
		F5040AFC02A46537014901DC = {
			isa = PBXFileReference;
			name = "libstdc++.a";
			path = "/usr/lib/gcc/darwin/3.1/libstdc++.a";
			refType = 0;
		};
		F5040AFE02A46BDB014901DC = {
			isa = PBXFileReference;
			name = CGBuffer.h;
			path = /Users/bob/src/celestia/src/celengine/CGBuffer.h;
			refType = 0;
		};
		F5040B0602A47B91014901DC = {
			isa = PBXFrameworkReference;
			name = Carbon.framework;
			path = /System/Library/Frameworks/Carbon.framework;
			refType = 0;
		};
		F5040B0E02A484DA014901DC = {
			isa = PBXFileReference;
			path = CelestiaController.h;
			refType = 4;
		};
		F5040B0F02A484DA014901DC = {
			isa = PBXFileReference;
			path = CelestiaController.m;
			refType = 4;
		};
		F5040B1002A484DA014901DC = {
			fileRef = F5040B0E02A484DA014901DC;
			isa = PBXBuildFile;
			settings = {
			};
		};
		F5040B1102A484DA014901DC = {
			fileRef = F5040B0F02A484DA014901DC;
			isa = PBXBuildFile;
			settings = {
			};
		};
		F5040B1202A48AAD014901DC = {
			isa = PBXFileReference;
			name = libpng.dylib;
			path = Frameworks/libpng.dylib;
			refType = 2;
		};
		F5040B1302A48AAD014901DC = {
			fileRef = F5040B1202A48AAD014901DC;
			isa = PBXBuildFile;
			settings = {
			};
		};
		F5040B1402A4976F014901DC = {
			buildActionMask = 2147483647;
			dstPath = "";
			dstSubfolderSpec = 10;
			files = (
				F5040B1502A49783014901DC,
			);
			isa = PBXCopyFilesBuildPhase;
			runOnlyForDeploymentPostprocessing = 0;
		};
		F5040B1502A49783014901DC = {
			fileRef = F5040B1202A48AAD014901DC;
			isa = PBXBuildFile;
			settings = {
			};
		};
		F505BFFA02CA9DAE0100020A = {
			isa = PBXFileReference;
			path = CGLInfo.m;
			refType = 4;
		};
		F505BFFB02CA9DAE0100020A = {
			isa = PBXFileReference;
			path = CGLInfo.h;
			refType = 4;
		};
		F505BFFC02CA9DAE0100020A = {
			fileRef = F505BFFA02CA9DAE0100020A;
			isa = PBXBuildFile;
			settings = {
			};
		};
		F505BFFD02CA9DAE0100020A = {
			fileRef = F505BFFB02CA9DAE0100020A;
			isa = PBXBuildFile;
			settings = {
			};
		};
		F51C6D3602959587014901DC = {
			isa = PBXFrameworkReference;
			name = OpenGL.framework;
			path = /System/Library/Frameworks/OpenGL.framework;
			refType = 0;
		};
		F51C6D38029595BA014901DC = {
			children = (
				F51C6D5302959823014901DC,
				F51C6D4E029596B4014901DC,
				F51C6D4F029596B4014901DC,
				F51C6D50029596B4014901DC,
				F51C6D51029596B4014901DC,
				F51C6D52029596B4014901DC,
				F51C6D430295967D014901DC,
				F51C6D390295962D014901DC,
				F51C6D3A0295962D014901DC,
				F51C6D3B0295962D014901DC,
				F51C6D3C0295962D014901DC,
			);
			isa = PBXGroup;
			name = "Celestia Main";
			refType = 4;
		};
		F51C6D390295962D014901DC = {
			isa = PBXFileReference;
			name = buildstardb.cpp;
			path = ../src/buildstardb.cpp;
			refType = 2;
		};
		F51C6D3A0295962D014901DC = {
			isa = PBXFileReference;
			name = packdb.cpp;
			path = ../src/packdb.cpp;
			refType = 2;
		};
		F51C6D3B0295962D014901DC = {
			isa = PBXFileReference;
			name = packnames.cpp;
			path = ../src/packnames.cpp;
			refType = 2;
		};
		F51C6D3C0295962D014901DC = {
			isa = PBXFileReference;
			name = readstars.cpp;
			path = ../src/readstars.cpp;
			refType = 2;
		};
		F51C6D430295967D014901DC = {
			children = (
				F51C6D450295968D014901DC,
				F51C6D470295968D014901DC,
				F51C6D440295968D014901DC,
				F51C6D460295968D014901DC,
				F51C6D480295968D014901DC,
			);
			isa = PBXGroup;
			name = cel3ds;
			refType = 4;
		};
		F51C6D440295968D014901DC = {
			isa = PBXFileReference;
			name = 3dschunk.h;
			path = ../src/cel3ds/3dschunk.h;
			refType = 2;
		};
		F51C6D450295968D014901DC = {
			isa = PBXFileReference;
			name = 3dsmodel.cpp;
			path = ../src/cel3ds/3dsmodel.cpp;
			refType = 2;
		};
		F51C6D460295968D014901DC = {
			isa = PBXFileReference;
			name = 3dsmodel.h;
			path = ../src/cel3ds/3dsmodel.h;
			refType = 2;
		};
		F51C6D470295968D014901DC = {
			isa = PBXFileReference;
			name = 3dsread.cpp;
			path = ../src/cel3ds/3dsread.cpp;
			refType = 2;
		};
		F51C6D480295968D014901DC = {
			isa = PBXFileReference;
			name = 3dsread.h;
			path = ../src/cel3ds/3dsread.h;
			refType = 2;
		};
		F51C6D4C0295968D014901DC = {
			fileRef = F51C6D450295968D014901DC;
			isa = PBXBuildFile;
			settings = {
			};
		};
		F51C6D4D0295968D014901DC = {
			fileRef = F51C6D470295968D014901DC;
			isa = PBXBuildFile;
			settings = {
			};
		};
		F51C6D4E029596B4014901DC = {
			children = (
				F5D0860302A5832D014901DC,
				F51C6D560295987B014901DC,
				F51C6D590295987B014901DC,
				F51C6D5B0295987B014901DC,
				F51C6D5E0295987B014901DC,
				F51C6D630295987B014901DC,
				F51C6D640295987B014901DC,
				F51C6D650295987B014901DC,
				F51C6D550295987B014901DC,
				F51C6D570295987B014901DC,
				F51C6D580295987B014901DC,
				F51C6D5A0295987B014901DC,
				F51C6D5C0295987B014901DC,
				F51C6D5D0295987B014901DC,
				F51C6D5F0295987B014901DC,
				F51C6D600295987B014901DC,
				F51C6D610295987B014901DC,
				F51C6D620295987B014901DC,
				F51C6D660295987B014901DC,
				F55B3E800423A1DB01000002,
				F5A0AE6604E89E2401000002,
				F5A0AE6704E89E2401000002,
				F56223D904F0992001000002,
			);
			isa = PBXGroup;
			name = celutil;
			refType = 4;
		};
		F51C6D4F029596B4014901DC = {
			children = (
				F51C6D76029598F9014901DC,
				F51C6D77029598F9014901DC,
			);
			isa = PBXGroup;
			name = celtxf;
			refType = 4;
		};
		F51C6D50029596B4014901DC = {
			children = (
				F51C6D78029598F9014901DC,
				F51C6D79029598F9014901DC,
				F51C6D7A029598F9014901DC,
				F51C6D7B029598F9014901DC,
				F51C6D7C029598F9014901DC,
				F51C6D7D029598F9014901DC,
				F51C6D7E029598F9014901DC,
				F51C6D7F029598F9014901DC,
				F51C6D80029598F9014901DC,
				F51C6D81029598F9014901DC,
				F51C6D82029598F9014901DC,
				F51C6D83029598F9014901DC,
				F51C6D84029598F9014901DC,
				F51C6D85029598F9014901DC,
				F51C6D86029598F9014901DC,
			);
			isa = PBXGroup;
			name = celmath;
			refType = 4;
		};
		F51C6D51029596B4014901DC = {
			children = (
				F5D0860402A5832D014901DC,
				F51C6D8B02959960014901DC,
				F51C6D8C02959960014901DC,
				F51C6D8D02959960014901DC,
				F51C6D8E02959960014901DC,
				F51C6D9A02959960014901DC,
				F51C6D9B02959960014901DC,
				F51C6D9C02959960014901DC,
				F51C6D9D02959960014901DC,
				F53036BB03D908CE01000002,
				F53036BC03D908CE01000002,
			);
			isa = PBXGroup;
			name = celestia;
			refType = 4;
		};
		F51C6D52029596B4014901DC = {
			children = (
				F5D085CE02A57ECD014901DC,
				F51C6DB502959A17014901DC,
				F51C6DB602959A17014901DC,
				F51C6DB702959A17014901DC,
				F51C6DB802959A17014901DC,
				F56FFFAD02C578050100020A,
				F51C6DB902959A17014901DC,
				F51C6DBA02959A17014901DC,
				F51C6DBB02959A17014901DC,
				F51C6DBC02959A17014901DC,
				F51C6DBD02959A17014901DC,
				F51C6DBE02959A17014901DC,
				F51C6DBF02959A17014901DC,
				F51C6DC002959A17014901DC,
				F51C6DC102959A17014901DC,
				F51C6DC202959A17014901DC,
				F51C6DC302959A17014901DC,
				F51C6DC402959A17014901DC,
				F51C6DC502959A17014901DC,
				F51C6DC602959A17014901DC,
				F51C6DC702959A17014901DC,
				F51C6DC802959A17014901DC,
				F51C6DC902959A17014901DC,
				F51C6DCA02959A17014901DC,
				F51C6DCB02959A17014901DC,
				F51C6DCC02959A17014901DC,
				F51C6DCD02959A17014901DC,
				F51C6DCE02959A17014901DC,
				F51C6DCF02959A17014901DC,
				F51C6DD002959A17014901DC,
				F51C6DD102959A17014901DC,
				F51C6DD202959A17014901DC,
				F51C6DD302959A17014901DC,
				F51C6DD402959A17014901DC,
				F51C6DD502959A17014901DC,
				F51C6DD602959A17014901DC,
				F51C6DD702959A17014901DC,
				F51C6DD802959A17014901DC,
				F51C6DD902959A17014901DC,
				F51C6DDA02959A17014901DC,
				F51C6DDB02959A17014901DC,
				F51C6DDC02959A17014901DC,
				F51C6DDD02959A17014901DC,
				F51C6DDE02959A17014901DC,
				F51C6DDF02959A17014901DC,
				F51C6DE002959A17014901DC,
				F51C6DE102959A17014901DC,
				F51C6DE202959A17014901DC,
				F51C6DE302959A17014901DC,
				F51C6DE402959A17014901DC,
				F56FFFAE02C578050100020A,
				F51C6DE502959A17014901DC,
				F51C6DE602959A17014901DC,
				F51C6DE702959A17014901DC,
				F51C6DE802959A17014901DC,
				F51C6DE902959A17014901DC,
				F51C6DEA02959A17014901DC,
				F51C6DEB02959A17014901DC,
				F51C6DEC02959A17014901DC,
				F51C6DED02959A17014901DC,
				F51C6DEE02959A17014901DC,
				F51C6DEF02959A17014901DC,
				F51C6DF002959A17014901DC,
				F51C6DF102959A17014901DC,
				F51C6DF202959A17014901DC,
				F51C6DF302959A17014901DC,
				F51C6DF402959A17014901DC,
				F51C6DF502959A17014901DC,
				F51C6DF602959A17014901DC,
				F51C6DF702959A17014901DC,
				F51C6DF802959A17014901DC,
				F51C6DF902959A17014901DC,
				F51C6DFA02959A17014901DC,
				F51C6DFB02959A17014901DC,
				F51C6DFC02959A17014901DC,
				F51C6DFD02959A17014901DC,
				F51C6DFE02959A17014901DC,
				F51C6DFF02959A17014901DC,
				F51C6E0102959A17014901DC,
				F51C6E0202959A17014901DC,
				F51C6E0302959A17014901DC,
				F51C6E0402959A17014901DC,
				F51C6E0502959A17014901DC,
				F51C6E0602959A17014901DC,
				F51C6E0702959A17014901DC,
				F51C6E0802959A17014901DC,
				F51C6E0902959A17014901DC,
				F51C6E0A02959A17014901DC,
				F51C6E0B02959A17014901DC,
				F51C6E0C02959A17014901DC,
				F51C6E0D02959A17014901DC,
				F51C6E0E02959A17014901DC,
				F51C6E0F02959A17014901DC,
				F51C6E1002959A17014901DC,
				F51C6E1102959A17014901DC,
				F51C6E0002959A17014901DC,
				F55B3D5C042398D101000002,
				F55B3D5D042398D101000002,
				F55B3E6B04239F7201000002,
				F55B3E6C04239F7201000002,
				F55B3E6D04239F7201000002,
				F55B3E6E04239F7201000002,
				F55B3E6F04239F7201000002,
				F55B3E7004239F7201000002,
				F55B3E7104239F7201000002,
				F55B3E7204239F7201000002,
				F55B3E7304239F7201000002,
				F55B3E7404239F7201000002,
				F5233227042F819501000002,
				F5233228042F819501000002,
				F59FA90904A12E3001000002,
				F59FA90A04A12E3001000002,
				F581CC6F04E0AFDF01000002,
				F581CC7004E0AFDF01000002,
				F581CC7304E0B15701000002,
				F581CC7404E0B15701000002,
				F57B5A32057AB63101000002,
				F57B5A33057AB63101000002,
				F57B5A36057AB65E01000002,
				F57B5A37057AB65E01000002,
			);
			isa = PBXGroup;
			name = celengine;
			refType = 4;
		};
		F51C6D5302959823014901DC = {
			children = (
				F51C6D540295987B014901DC,
			);
			isa = PBXGroup;
			name = tools;
			refType = 4;
		};
		F51C6D540295987B014901DC = {
			isa = PBXFileReference;
			name = buildstardb.cpp;
			path = ../src/tools/buildstardb.cpp;
			refType = 2;
		};
		F51C6D550295987B014901DC = {
			isa = PBXFileReference;
			name = basictypes.h;
			path = ../src/celutil/basictypes.h;
			refType = 2;
		};
		F51C6D560295987B014901DC = {
			isa = PBXFileReference;
			name = bigfix.cpp;
			path = ../src/celutil/bigfix.cpp;
			refType = 2;
		};
		F51C6D570295987B014901DC = {
			isa = PBXFileReference;
			name = bigfix.h;
			path = ../src/celutil/bigfix.h;
			refType = 2;
		};
		F51C6D580295987B014901DC = {
			isa = PBXFileReference;
			name = bytes.h;
			path = ../src/celutil/bytes.h;
			refType = 2;
		};
		F51C6D590295987B014901DC = {
			isa = PBXFileReference;
			name = color.cpp;
			path = ../src/celutil/color.cpp;
			refType = 2;
		};
		F51C6D5A0295987B014901DC = {
			isa = PBXFileReference;
			name = color.h;
			path = ../src/celutil/color.h;
			refType = 2;
		};
		F51C6D5B0295987B014901DC = {
			isa = PBXFileReference;
			name = debug.cpp;
			path = ../src/celutil/debug.cpp;
			refType = 2;
		};
		F51C6D5C0295987B014901DC = {
			isa = PBXFileReference;
			name = debug.h;
			path = ../src/celutil/debug.h;
			refType = 2;
		};
		F51C6D5D0295987B014901DC = {
			isa = PBXFileReference;
			name = directory.h;
			path = ../src/celutil/directory.h;
			refType = 2;
		};
		F51C6D5E0295987B014901DC = {
			isa = PBXFileReference;
			name = filetype.cpp;
			path = ../src/celutil/filetype.cpp;
			refType = 2;
		};
		F51C6D5F0295987B014901DC = {
			isa = PBXFileReference;
			name = filetype.h;
			path = ../src/celutil/filetype.h;
			refType = 2;
		};
		F51C6D600295987B014901DC = {
			isa = PBXFileReference;
			name = reshandle.h;
			path = ../src/celutil/reshandle.h;
			refType = 2;
		};
		F51C6D610295987B014901DC = {
			isa = PBXFileReference;
			name = resmanager.h;
			path = ../src/celutil/resmanager.h;
			refType = 2;
		};
		F51C6D620295987B014901DC = {
			isa = PBXFileReference;
			name = timer.h;
			path = ../src/celutil/timer.h;
			refType = 2;
		};
		F51C6D630295987B014901DC = {
			isa = PBXFileReference;
			name = unixdirectory.cpp;
			path = ../src/celutil/unixdirectory.cpp;
			refType = 2;
		};
		F51C6D640295987B014901DC = {
			isa = PBXFileReference;
			name = unixtimer.cpp;
			path = ../src/celutil/unixtimer.cpp;
			refType = 2;
		};
		F51C6D650295987B014901DC = {
			isa = PBXFileReference;
			name = util.cpp;
			path = ../src/celutil/util.cpp;
			refType = 2;
		};
		F51C6D660295987B014901DC = {
			isa = PBXFileReference;
			name = util.h;
			path = ../src/celutil/util.h;
			refType = 2;
		};
		F51C6D670295987B014901DC = {
			isa = PBXFileReference;
			name = windirectory.cpp;
			path = /Users/bob/src/celestia/src/celutil/windirectory.cpp;
			refType = 0;
		};
		F51C6D680295987B014901DC = {
			isa = PBXFileReference;
			name = wintimer.cpp;
			path = /Users/bob/src/celestia/src/celutil/wintimer.cpp;
			refType = 0;
		};
		F51C6D690295987B014901DC = {
			isa = PBXFileReference;
			name = winutil.cpp;
			path = /Users/bob/src/celestia/src/celutil/winutil.cpp;
			refType = 0;
		};
		F51C6D6A0295987B014901DC = {
			isa = PBXFileReference;
			name = winutil.h;
			path = /Users/bob/src/celestia/src/celutil/winutil.h;
			refType = 0;
		};
		F51C6D6C0295987B014901DC = {
			fileRef = F51C6D560295987B014901DC;
			isa = PBXBuildFile;
			settings = {
			};
		};
		F51C6D6D0295987B014901DC = {
			fileRef = F51C6D590295987B014901DC;
			isa = PBXBuildFile;
			settings = {
			};
		};
		F51C6D6E0295987B014901DC = {
			fileRef = F51C6D5B0295987B014901DC;
			isa = PBXBuildFile;
			settings = {
			};
		};
		F51C6D6F0295987B014901DC = {
			fileRef = F51C6D5E0295987B014901DC;
			isa = PBXBuildFile;
			settings = {
			};
		};
		F51C6D700295987B014901DC = {
			fileRef = F51C6D630295987B014901DC;
			isa = PBXBuildFile;
			settings = {
			};
		};
		F51C6D710295987B014901DC = {
			fileRef = F51C6D640295987B014901DC;
			isa = PBXBuildFile;
			settings = {
			};
		};
		F51C6D720295987B014901DC = {
			fileRef = F51C6D650295987B014901DC;
			isa = PBXBuildFile;
			settings = {
			};
		};
		F51C6D76029598F9014901DC = {
			isa = PBXFileReference;
			name = texturefont.cpp;
			path = ../src/celtxf/texturefont.cpp;
			refType = 2;
		};
		F51C6D77029598F9014901DC = {
			isa = PBXFileReference;
			name = texturefont.h;
			path = ../src/celtxf/texturefont.h;
			refType = 2;
		};
		F51C6D78029598F9014901DC = {
			isa = PBXFileReference;
			name = frustum.cpp;
			path = ../src/celmath/frustum.cpp;
			refType = 2;
		};
		F51C6D79029598F9014901DC = {
			isa = PBXFileReference;
			name = perlin.cpp;
			path = ../src/celmath/perlin.cpp;
			refType = 2;
		};
		F51C6D7A029598F9014901DC = {
			isa = PBXFileReference;
			name = aabox.h;
			path = ../src/celmath/aabox.h;
			refType = 2;
		};
		F51C6D7B029598F9014901DC = {
			isa = PBXFileReference;
			name = distance.h;
			path = ../src/celmath/distance.h;
			refType = 2;
		};
		F51C6D7C029598F9014901DC = {
			isa = PBXFileReference;
			name = ellipsoid.h;
			path = ../src/celmath/ellipsoid.h;
			refType = 2;
		};
		F51C6D7D029598F9014901DC = {
			isa = PBXFileReference;
			name = frustum.h;
			path = ../src/celmath/frustum.h;
			refType = 2;
		};
		F51C6D7E029598F9014901DC = {
			isa = PBXFileReference;
			name = intersect.h;
			path = ../src/celmath/intersect.h;
			refType = 2;
		};
		F51C6D7F029598F9014901DC = {
			isa = PBXFileReference;
			name = mathlib.h;
			path = ../src/celmath/mathlib.h;
			refType = 2;
		};
		F51C6D80029598F9014901DC = {
			isa = PBXFileReference;
			name = perlin.h;
			path = ../src/celmath/perlin.h;
			refType = 2;
		};
		F51C6D81029598F9014901DC = {
			isa = PBXFileReference;
			name = plane.h;
			path = ../src/celmath/plane.h;
			refType = 2;
		};
		F51C6D82029598F9014901DC = {
			isa = PBXFileReference;
			name = quaternion.h;
			path = ../src/celmath/quaternion.h;
			refType = 2;
		};
		F51C6D83029598F9014901DC = {
			isa = PBXFileReference;
			name = ray.h;
			path = ../src/celmath/ray.h;
			refType = 2;
		};
		F51C6D84029598F9014901DC = {
			isa = PBXFileReference;
			name = solve.h;
			path = ../src/celmath/solve.h;
			refType = 2;
		};
		F51C6D85029598F9014901DC = {
			isa = PBXFileReference;
			name = sphere.h;
			path = ../src/celmath/sphere.h;
			refType = 2;
		};
		F51C6D86029598F9014901DC = {
			isa = PBXFileReference;
			name = vecmath.h;
			path = ../src/celmath/vecmath.h;
			refType = 2;
		};
		F51C6D87029598F9014901DC = {
			fileRef = F51C6D76029598F9014901DC;
			isa = PBXBuildFile;
			settings = {
			};
		};
		F51C6D88029598F9014901DC = {
			fileRef = F51C6D78029598F9014901DC;
			isa = PBXBuildFile;
			settings = {
			};
		};
		F51C6D89029598F9014901DC = {
			fileRef = F51C6D79029598F9014901DC;
			isa = PBXBuildFile;
			settings = {
			};
		};
		F51C6D8A02959960014901DC = {
			isa = PBXFileReference;
			name = avicapture.cpp;
			path = /Users/bob/src/celestia/src/celestia/avicapture.cpp;
			refType = 0;
		};
		F51C6D8B02959960014901DC = {
			isa = PBXFileReference;
			name = celestiacore.cpp;
			path = ../src/celestia/celestiacore.cpp;
			refType = 2;
		};
		F51C6D8C02959960014901DC = {
			isa = PBXFileReference;
			name = configfile.cpp;
			path = ../src/celestia/configfile.cpp;
			refType = 2;
		};
		F51C6D8D02959960014901DC = {
			isa = PBXFileReference;
			name = destination.cpp;
			path = ../src/celestia/destination.cpp;
			refType = 2;
		};
		F51C6D8E02959960014901DC = {
			isa = PBXFileReference;
			name = favorites.cpp;
			path = ../src/celestia/favorites.cpp;
			refType = 2;
		};
		F51C6D8F02959960014901DC = {
			isa = PBXFileReference;
			name = glutmain.cpp;
			path = /Users/bob/src/celestia/src/celestia/glutmain.cpp;
			refType = 0;
		};
		F51C6D9002959960014901DC = {
			isa = PBXFileReference;
			name = gtkmain.cpp;
			path = /Users/bob/src/celestia/src/celestia/gtkmain.cpp;
			refType = 0;
		};
		F51C6D9102959960014901DC = {
			isa = PBXFileReference;
			name = imagecapture.cpp;
			path = /Users/bob/src/celestia/src/celestia/imagecapture.cpp;
			refType = 0;
		};
		F51C6D9202959960014901DC = {
			isa = PBXFileReference;
			name = wingotodlg.cpp;
			path = /Users/bob/src/celestia/src/celestia/wingotodlg.cpp;
			refType = 0;
		};
		F51C6D9302959960014901DC = {
			isa = PBXFileReference;
			name = winlocations.cpp;
			path = /Users/bob/src/celestia/src/celestia/winlocations.cpp;
			refType = 0;
		};
		F51C6D9402959960014901DC = {
			isa = PBXFileReference;
			name = winmain.cpp;
			path = /Users/bob/src/celestia/src/celestia/winmain.cpp;
			refType = 0;
		};
		F51C6D9502959960014901DC = {
			isa = PBXFileReference;
			name = winssbrowser.cpp;
			path = /Users/bob/src/celestia/src/celestia/winssbrowser.cpp;
			refType = 0;
		};
		F51C6D9602959960014901DC = {
			isa = PBXFileReference;
			name = winstarbrowser.cpp;
			path = /Users/bob/src/celestia/src/celestia/winstarbrowser.cpp;
			refType = 0;
		};
		F51C6D9702959960014901DC = {
			isa = PBXFileReference;
			name = wintourguide.cpp;
			path = /Users/bob/src/celestia/src/celestia/wintourguide.cpp;
			refType = 0;
		};
		F51C6D9802959960014901DC = {
			isa = PBXFileReference;
			name = winviewoptsdlg.cpp;
			path = /Users/bob/src/celestia/src/celestia/winviewoptsdlg.cpp;
			refType = 0;
		};
		F51C6D9902959960014901DC = {
			isa = PBXFileReference;
			name = avicapture.h;
			path = /Users/bob/src/celestia/src/celestia/avicapture.h;
			refType = 0;
		};
		F51C6D9A02959960014901DC = {
			isa = PBXFileReference;
			name = celestiacore.h;
			path = ../src/celestia/celestiacore.h;
			refType = 2;
		};
		F51C6D9B02959960014901DC = {
			isa = PBXFileReference;
			name = configfile.h;
			path = ../src/celestia/configfile.h;
			refType = 2;
		};
		F51C6D9C02959960014901DC = {
			isa = PBXFileReference;
			name = destination.h;
			path = ../src/celestia/destination.h;
			refType = 2;
		};
		F51C6D9D02959960014901DC = {
			isa = PBXFileReference;
			name = favorites.h;
			path = ../src/celestia/favorites.h;
			refType = 2;
		};
		F51C6D9E02959960014901DC = {
			isa = PBXFileReference;
			name = imagecapture.h;
			path = /Users/bob/src/celestia/src/celestia/imagecapture.h;
			refType = 0;
		};
		F51C6D9F02959960014901DC = {
			isa = PBXFileReference;
			name = moviecapture.h;
			path = /Users/bob/src/celestia/src/celestia/moviecapture.h;
			refType = 0;
		};
		F51C6DA002959960014901DC = {
			isa = PBXFileReference;
			name = wingotodlg.h;
			path = /Users/bob/src/celestia/src/celestia/wingotodlg.h;
			refType = 0;
		};
		F51C6DA102959960014901DC = {
			isa = PBXFileReference;
			name = winlocations.h;
			path = /Users/bob/src/celestia/src/celestia/winlocations.h;
			refType = 0;
		};
		F51C6DA202959960014901DC = {
			isa = PBXFileReference;
			name = winssbrowser.h;
			path = /Users/bob/src/celestia/src/celestia/winssbrowser.h;
			refType = 0;
		};
		F51C6DA302959960014901DC = {
			isa = PBXFileReference;
			name = winstarbrowser.h;
			path = /Users/bob/src/celestia/src/celestia/winstarbrowser.h;
			refType = 0;
		};
		F51C6DA402959960014901DC = {
			isa = PBXFileReference;
			name = wintourguide.h;
			path = /Users/bob/src/celestia/src/celestia/wintourguide.h;
			refType = 0;
		};
		F51C6DA502959960014901DC = {
			isa = PBXFileReference;
			name = winviewoptsdlg.h;
			path = /Users/bob/src/celestia/src/celestia/winviewoptsdlg.h;
			refType = 0;
		};
		F51C6DA702959960014901DC = {
			fileRef = F51C6D8B02959960014901DC;
			isa = PBXBuildFile;
			settings = {
			};
		};
		F51C6DA802959960014901DC = {
			fileRef = F51C6D8C02959960014901DC;
			isa = PBXBuildFile;
			settings = {
			};
		};
		F51C6DA902959960014901DC = {
			fileRef = F51C6D8D02959960014901DC;
			isa = PBXBuildFile;
			settings = {
			};
		};
		F51C6DAA02959960014901DC = {
			fileRef = F51C6D8E02959960014901DC;
			isa = PBXBuildFile;
			settings = {
			};
		};
		F51C6DB502959A17014901DC = {
			isa = PBXFileReference;
			name = 3dsmesh.cpp;
			path = ../src/celengine/3dsmesh.cpp;
			refType = 2;
		};
		F51C6DB602959A17014901DC = {
			isa = PBXFileReference;
			name = asterism.cpp;
			path = ../src/celengine/asterism.cpp;
			refType = 2;
		};
		F51C6DB702959A17014901DC = {
			isa = PBXFileReference;
			name = astro.cpp;
			path = ../src/celengine/astro.cpp;
			refType = 2;
		};
		F51C6DB802959A17014901DC = {
			isa = PBXFileReference;
			name = body.cpp;
			path = ../src/celengine/body.cpp;
			refType = 2;
		};
		F51C6DB902959A17014901DC = {
			isa = PBXFileReference;
			name = catalogxref.cpp;
			path = ../src/celengine/catalogxref.cpp;
			refType = 2;
		};
		F51C6DBA02959A17014901DC = {
			isa = PBXFileReference;
			name = cmdparser.cpp;
			path = ../src/celengine/cmdparser.cpp;
			refType = 2;
		};
		F51C6DBB02959A17014901DC = {
			isa = PBXFileReference;
			name = command.cpp;
			path = ../src/celengine/command.cpp;
			refType = 2;
		};
		F51C6DBC02959A17014901DC = {
			isa = PBXFileReference;
			name = constellation.cpp;
			path = ../src/celengine/constellation.cpp;
			refType = 2;
		};
		F51C6DBD02959A17014901DC = {
			isa = PBXFileReference;
			name = customorbit.cpp;
			path = ../src/celengine/customorbit.cpp;
			refType = 2;
		};
		F51C6DBE02959A17014901DC = {
			isa = PBXFileReference;
			name = dds.cpp;
			path = ../src/celengine/dds.cpp;
			refType = 2;
		};
		F51C6DBF02959A17014901DC = {
			isa = PBXFileReference;
			name = dispmap.cpp;
			path = ../src/celengine/dispmap.cpp;
			refType = 2;
		};
		F51C6DC002959A17014901DC = {
			isa = PBXFileReference;
			name = execution.cpp;
			path = ../src/celengine/execution.cpp;
			refType = 2;
		};
		F51C6DC102959A17014901DC = {
			isa = PBXFileReference;
			name = galaxy.cpp;
			path = ../src/celengine/galaxy.cpp;
			refType = 2;
		};
		F51C6DC202959A17014901DC = {
			isa = PBXFileReference;
			name = glext.cpp;
			path = ../src/celengine/glext.cpp;
			refType = 2;
		};
		F51C6DC302959A17014901DC = {
			isa = PBXFileReference;
			name = lodspheremesh.cpp;
			path = ../src/celengine/lodspheremesh.cpp;
			refType = 2;
		};
		F51C6DC402959A17014901DC = {
			isa = PBXFileReference;
			name = meshmanager.cpp;
			path = ../src/celengine/meshmanager.cpp;
			refType = 2;
		};
		F51C6DC502959A17014901DC = {
			isa = PBXFileReference;
			name = multitexture.cpp;
			path = ../src/celengine/multitexture.cpp;
			refType = 2;
		};
		F51C6DC602959A17014901DC = {
			isa = PBXFileReference;
			name = observer.cpp;
			path = ../src/celengine/observer.cpp;
			refType = 2;
		};
		F51C6DC702959A17014901DC = {
			isa = PBXFileReference;
			name = octree.cpp;
			path = ../src/celengine/octree.cpp;
			refType = 2;
		};
		F51C6DC802959A17014901DC = {
			isa = PBXFileReference;
			name = orbit.cpp;
			path = ../src/celengine/orbit.cpp;
			refType = 2;
		};
		F51C6DC902959A17014901DC = {
			isa = PBXFileReference;
			name = overlay.cpp;
			path = ../src/celengine/overlay.cpp;
			refType = 2;
		};
		F51C6DCA02959A17014901DC = {
			isa = PBXFileReference;
			name = parser.cpp;
			path = ../src/celengine/parser.cpp;
			refType = 2;
		};
		F51C6DCB02959A17014901DC = {
			isa = PBXFileReference;
			name = regcombine.cpp;
			path = ../src/celengine/regcombine.cpp;
			refType = 2;
		};
		F51C6DCC02959A17014901DC = {
			isa = PBXFileReference;
			name = render.cpp;
			path = ../src/celengine/render.cpp;
			refType = 2;
		};
		F51C6DCD02959A17014901DC = {
			isa = PBXFileReference;
			name = samporbit.cpp;
			path = ../src/celengine/samporbit.cpp;
			refType = 2;
		};
		F51C6DCE02959A17014901DC = {
			isa = PBXFileReference;
			name = selection.cpp;
			path = ../src/celengine/selection.cpp;
			refType = 2;
		};
		F51C6DCF02959A17014901DC = {
			isa = PBXFileReference;
			name = simulation.cpp;
			path = ../src/celengine/simulation.cpp;
			refType = 2;
		};
		F51C6DD002959A17014901DC = {
			isa = PBXFileReference;
			name = solarsys.cpp;
			path = ../src/celengine/solarsys.cpp;
			refType = 2;
		};
		F51C6DD102959A17014901DC = {
			isa = PBXFileReference;
			name = solarsysxml.cpp;
			path = ../src/celengine/solarsysxml.cpp;
			refType = 2;
		};
		F51C6DD202959A17014901DC = {
			isa = PBXFileReference;
			name = spheremesh.cpp;
			path = ../src/celengine/spheremesh.cpp;
			refType = 2;
		};
		F51C6DD302959A17014901DC = {
			isa = PBXFileReference;
			name = star.cpp;
			path = ../src/celengine/star.cpp;
			refType = 2;
		};
		F51C6DD402959A17014901DC = {
			isa = PBXFileReference;
			name = starbrowser.cpp;
			path = ../src/celengine/starbrowser.cpp;
			refType = 2;
		};
		F51C6DD502959A17014901DC = {
			isa = PBXFileReference;
			name = stardb.cpp;
			path = ../src/celengine/stardb.cpp;
			refType = 2;
		};
		F51C6DD602959A17014901DC = {
			isa = PBXFileReference;
			name = starname.cpp;
			path = ../src/celengine/starname.cpp;
			refType = 2;
		};
		F51C6DD702959A17014901DC = {
			isa = PBXFileReference;
			name = stellarclass.cpp;
			path = ../src/celengine/stellarclass.cpp;
			refType = 2;
		};
		F51C6DD802959A17014901DC = {
			isa = PBXFileReference;
			name = texmanager.cpp;
			path = ../src/celengine/texmanager.cpp;
			refType = 2;
		};
		F51C6DD902959A17014901DC = {
			isa = PBXFileReference;
			name = texture.cpp;
			path = ../src/celengine/texture.cpp;
			refType = 2;
		};
		F51C6DDA02959A17014901DC = {
			isa = PBXFileReference;
			name = tokenizer.cpp;
			path = ../src/celengine/tokenizer.cpp;
			refType = 2;
		};
		F51C6DDB02959A17014901DC = {
			isa = PBXFileReference;
			name = univcoord.cpp;
			path = ../src/celengine/univcoord.cpp;
			refType = 2;
		};
		F51C6DDC02959A17014901DC = {
			isa = PBXFileReference;
			name = universe.cpp;
			path = ../src/celengine/universe.cpp;
			refType = 2;
		};
		F51C6DDD02959A17014901DC = {
			isa = PBXFileReference;
			name = vertexlist.cpp;
			path = ../src/celengine/vertexlist.cpp;
			refType = 2;
		};
		F51C6DDE02959A17014901DC = {
			isa = PBXFileReference;
			name = vertexprog.cpp;
			path = ../src/celengine/vertexprog.cpp;
			refType = 2;
		};
		F51C6DDF02959A17014901DC = {
			isa = PBXFileReference;
			name = vsop87.cpp;
			path = ../src/celengine/vsop87.cpp;
			refType = 2;
		};
		F51C6DE002959A17014901DC = {
			isa = PBXFileReference;
			name = 3dsmesh.h;
			path = ../src/celengine/3dsmesh.h;
			refType = 2;
		};
		F51C6DE102959A17014901DC = {
			isa = PBXFileReference;
			name = asterism.h;
			path = ../src/celengine/asterism.h;
			refType = 2;
		};
		F51C6DE202959A17014901DC = {
			isa = PBXFileReference;
			name = astro.h;
			path = ../src/celengine/astro.h;
			refType = 2;
		};
		F51C6DE302959A17014901DC = {
			isa = PBXFileReference;
			name = atmosphere.h;
			path = ../src/celengine/atmosphere.h;
			refType = 2;
		};
		F51C6DE402959A17014901DC = {
			isa = PBXFileReference;
			name = body.h;
			path = ../src/celengine/body.h;
			refType = 2;
		};
		F51C6DE502959A17014901DC = {
			isa = PBXFileReference;
			name = catalogxref.h;
			path = ../src/celengine/catalogxref.h;
			refType = 2;
		};
		F51C6DE602959A17014901DC = {
			isa = PBXFileReference;
			name = celestia.h;
			path = ../src/celengine/celestia.h;
			refType = 2;
		};
		F51C6DE702959A17014901DC = {
			isa = PBXFileReference;
			name = cmdparser.h;
			path = ../src/celengine/cmdparser.h;
			refType = 2;
		};
		F51C6DE802959A17014901DC = {
			isa = PBXFileReference;
			name = command.h;
			path = ../src/celengine/command.h;
			refType = 2;
		};
		F51C6DE902959A17014901DC = {
			isa = PBXFileReference;
			name = constellation.h;
			path = ../src/celengine/constellation.h;
			refType = 2;
		};
		F51C6DEA02959A17014901DC = {
			isa = PBXFileReference;
			name = customorbit.h;
			path = ../src/celengine/customorbit.h;
			refType = 2;
		};
		F51C6DEB02959A17014901DC = {
			isa = PBXFileReference;
			name = dispmap.h;
			path = ../src/celengine/dispmap.h;
			refType = 2;
		};
		F51C6DEC02959A17014901DC = {
			isa = PBXFileReference;
			name = execenv.h;
			path = ../src/celengine/execenv.h;
			refType = 2;
		};
		F51C6DED02959A17014901DC = {
			isa = PBXFileReference;
			name = execution.h;
			path = ../src/celengine/execution.h;
			refType = 2;
		};
		F51C6DEE02959A17014901DC = {
			isa = PBXFileReference;
			name = galaxy.h;
			path = ../src/celengine/galaxy.h;
			refType = 2;
		};
		F51C6DEF02959A17014901DC = {
			isa = PBXFileReference;
			name = gl.h;
			path = ../src/celengine/gl.h;
			refType = 2;
		};
		F51C6DF002959A17014901DC = {
			isa = PBXFileReference;
			name = glext.h;
			path = ../src/celengine/glext.h;
			refType = 2;
		};
		F51C6DF102959A17014901DC = {
			isa = PBXFileReference;
			name = lodspheremesh.h;
			path = ../src/celengine/lodspheremesh.h;
			refType = 2;
		};
		F51C6DF202959A17014901DC = {
			isa = PBXFileReference;
			name = mesh.h;
			path = ../src/celengine/mesh.h;
			refType = 2;
		};
		F51C6DF302959A17014901DC = {
			isa = PBXFileReference;
			name = meshmanager.h;
			path = ../src/celengine/meshmanager.h;
			refType = 2;
		};
		F51C6DF402959A17014901DC = {
			isa = PBXFileReference;
			name = multitexture.h;
			path = ../src/celengine/multitexture.h;
			refType = 2;
		};
		F51C6DF502959A17014901DC = {
			isa = PBXFileReference;
			name = observer.h;
			path = ../src/celengine/observer.h;
			refType = 2;
		};
		F51C6DF602959A17014901DC = {
			isa = PBXFileReference;
			name = octree.h;
			path = ../src/celengine/octree.h;
			refType = 2;
		};
		F51C6DF702959A17014901DC = {
			isa = PBXFileReference;
			name = orbit.h;
			path = ../src/celengine/orbit.h;
			refType = 2;
		};
		F51C6DF802959A17014901DC = {
			isa = PBXFileReference;
			name = overlay.h;
			path = ../src/celengine/overlay.h;
			refType = 2;
		};
		F51C6DF902959A17014901DC = {
			isa = PBXFileReference;
			name = parser.h;
			path = ../src/celengine/parser.h;
			refType = 2;
		};
		F51C6DFA02959A17014901DC = {
			isa = PBXFileReference;
			name = regcombine.h;
			path = ../src/celengine/regcombine.h;
			refType = 2;
		};
		F51C6DFB02959A17014901DC = {
			isa = PBXFileReference;
			name = render.h;
			path = ../src/celengine/render.h;
			refType = 2;
		};
		F51C6DFC02959A17014901DC = {
			isa = PBXFileReference;
			name = samporbit.h;
			path = ../src/celengine/samporbit.h;
			refType = 2;
		};
		F51C6DFD02959A17014901DC = {
			isa = PBXFileReference;
			name = selection.h;
			path = ../src/celengine/selection.h;
			refType = 2;
		};
		F51C6DFE02959A17014901DC = {
			isa = PBXFileReference;
			name = simulation.h;
			path = ../src/celengine/simulation.h;
			refType = 2;
		};
		F51C6DFF02959A17014901DC = {
			isa = PBXFileReference;
			name = solarsys.h;
			path = ../src/celengine/solarsys.h;
			refType = 2;
		};
		F51C6E0002959A17014901DC = {
			isa = PBXFileReference;
			name = solarsysxml.h;
			path = ../src/celengine/solarsysxml.h;
			refType = 2;
		};
		F51C6E0102959A17014901DC = {
			isa = PBXFileReference;
			name = spheremesh.h;
			path = ../src/celengine/spheremesh.h;
			refType = 2;
		};
		F51C6E0202959A17014901DC = {
			isa = PBXFileReference;
			name = star.h;
			path = ../src/celengine/star.h;
			refType = 2;
		};
		F51C6E0302959A17014901DC = {
			isa = PBXFileReference;
			name = starbrowser.h;
			path = ../src/celengine/starbrowser.h;
			refType = 2;
		};
		F51C6E0402959A17014901DC = {
			isa = PBXFileReference;
			name = stardb.h;
			path = ../src/celengine/stardb.h;
			refType = 2;
		};
		F51C6E0502959A17014901DC = {
			isa = PBXFileReference;
			name = starname.h;
			path = ../src/celengine/starname.h;
			refType = 2;
		};
		F51C6E0602959A17014901DC = {
			isa = PBXFileReference;
			name = stellarclass.h;
			path = ../src/celengine/stellarclass.h;
			refType = 2;
		};
		F51C6E0702959A17014901DC = {
			isa = PBXFileReference;
			name = surface.h;
			path = ../src/celengine/surface.h;
			refType = 2;
		};
		F51C6E0802959A17014901DC = {
			isa = PBXFileReference;
			name = texmanager.h;
			path = ../src/celengine/texmanager.h;
			refType = 2;
		};
		F51C6E0902959A17014901DC = {
			isa = PBXFileReference;
			name = texture.h;
			path = ../src/celengine/texture.h;
			refType = 2;
		};
		F51C6E0A02959A17014901DC = {
			isa = PBXFileReference;
			name = tokenizer.h;
			path = ../src/celengine/tokenizer.h;
			refType = 2;
		};
		F51C6E0B02959A17014901DC = {
			isa = PBXFileReference;
			name = univcoord.h;
			path = ../src/celengine/univcoord.h;
			refType = 2;
		};
		F51C6E0C02959A17014901DC = {
			isa = PBXFileReference;
			name = universe.h;
			path = ../src/celengine/universe.h;
			refType = 2;
		};
		F51C6E0D02959A17014901DC = {
			isa = PBXFileReference;
			name = vecgl.h;
			path = ../src/celengine/vecgl.h;
			refType = 2;
		};
		F51C6E0E02959A17014901DC = {
			isa = PBXFileReference;
			name = vertexbuf.h;
			path = ../src/celengine/vertexbuf.h;
			refType = 2;
		};
		F51C6E0F02959A17014901DC = {
			isa = PBXFileReference;
			name = vertexlist.h;
			path = ../src/celengine/vertexlist.h;
			refType = 2;
		};
		F51C6E1002959A17014901DC = {
			isa = PBXFileReference;
			name = vertexprog.h;
			path = ../src/celengine/vertexprog.h;
			refType = 2;
		};
		F51C6E1102959A17014901DC = {
			isa = PBXFileReference;
			name = vsop87.h;
			path = ../src/celengine/vsop87.h;
			refType = 2;
		};
		F51C6E1202959A17014901DC = {
			fileRef = F51C6DB502959A17014901DC;
			isa = PBXBuildFile;
			settings = {
			};
		};
		F51C6E1302959A17014901DC = {
			fileRef = F51C6DB602959A17014901DC;
			isa = PBXBuildFile;
			settings = {
			};
		};
		F51C6E1402959A17014901DC = {
			fileRef = F51C6DB702959A17014901DC;
			isa = PBXBuildFile;
			settings = {
			};
		};
		F51C6E1502959A17014901DC = {
			fileRef = F51C6DB802959A17014901DC;
			isa = PBXBuildFile;
			settings = {
			};
		};
		F51C6E1602959A17014901DC = {
			fileRef = F51C6DB902959A17014901DC;
			isa = PBXBuildFile;
			settings = {
			};
		};
		F51C6E1702959A17014901DC = {
			fileRef = F51C6DBA02959A17014901DC;
			isa = PBXBuildFile;
			settings = {
			};
		};
		F51C6E1802959A17014901DC = {
			fileRef = F51C6DBB02959A17014901DC;
			isa = PBXBuildFile;
			settings = {
			};
		};
		F51C6E1902959A17014901DC = {
			fileRef = F51C6DBC02959A17014901DC;
			isa = PBXBuildFile;
			settings = {
			};
		};
		F51C6E1A02959A17014901DC = {
			fileRef = F51C6DBD02959A17014901DC;
			isa = PBXBuildFile;
			settings = {
			};
		};
		F51C6E1B02959A17014901DC = {
			fileRef = F51C6DBE02959A17014901DC;
			isa = PBXBuildFile;
			settings = {
			};
		};
		F51C6E1C02959A17014901DC = {
			fileRef = F51C6DBF02959A17014901DC;
			isa = PBXBuildFile;
			settings = {
			};
		};
		F51C6E1D02959A17014901DC = {
			fileRef = F51C6DC002959A17014901DC;
			isa = PBXBuildFile;
			settings = {
			};
		};
		F51C6E1E02959A17014901DC = {
			fileRef = F51C6DC102959A17014901DC;
			isa = PBXBuildFile;
			settings = {
			};
		};
		F51C6E1F02959A17014901DC = {
			fileRef = F51C6DC202959A17014901DC;
			isa = PBXBuildFile;
			settings = {
			};
		};
		F51C6E2102959A17014901DC = {
			fileRef = F51C6DC402959A17014901DC;
			isa = PBXBuildFile;
			settings = {
			};
		};
		F51C6E2202959A17014901DC = {
			fileRef = F51C6DC502959A17014901DC;
			isa = PBXBuildFile;
			settings = {
			};
		};
		F51C6E2302959A17014901DC = {
			fileRef = F51C6DC602959A17014901DC;
			isa = PBXBuildFile;
			settings = {
			};
		};
		F51C6E2402959A17014901DC = {
			fileRef = F51C6DC702959A17014901DC;
			isa = PBXBuildFile;
			settings = {
			};
		};
		F51C6E2602959A17014901DC = {
			fileRef = F51C6DC902959A17014901DC;
			isa = PBXBuildFile;
			settings = {
			};
		};
		F51C6E2702959A17014901DC = {
			fileRef = F51C6DCA02959A17014901DC;
			isa = PBXBuildFile;
			settings = {
			};
		};
		F51C6E2802959A17014901DC = {
			fileRef = F51C6DCB02959A17014901DC;
			isa = PBXBuildFile;
			settings = {
			};
		};
		F51C6E2A02959A17014901DC = {
			fileRef = F51C6DCD02959A17014901DC;
			isa = PBXBuildFile;
			settings = {
			};
		};
		F51C6E2B02959A17014901DC = {
			fileRef = F51C6DCE02959A17014901DC;
			isa = PBXBuildFile;
			settings = {
			};
		};
		F51C6E2C02959A17014901DC = {
			fileRef = F51C6DCF02959A17014901DC;
			isa = PBXBuildFile;
			settings = {
			};
		};
		F51C6E2D02959A17014901DC = {
			fileRef = F51C6DD002959A17014901DC;
			isa = PBXBuildFile;
			settings = {
			};
		};
		F51C6E2F02959A17014901DC = {
			fileRef = F51C6DD202959A17014901DC;
			isa = PBXBuildFile;
			settings = {
			};
		};
		F51C6E3002959A17014901DC = {
			fileRef = F51C6DD302959A17014901DC;
			isa = PBXBuildFile;
			settings = {
			};
		};
		F51C6E3102959A17014901DC = {
			fileRef = F51C6DD402959A17014901DC;
			isa = PBXBuildFile;
			settings = {
			};
		};
		F51C6E3202959A17014901DC = {
			fileRef = F51C6DD502959A17014901DC;
			isa = PBXBuildFile;
			settings = {
			};
		};
		F51C6E3302959A17014901DC = {
			fileRef = F51C6DD602959A17014901DC;
			isa = PBXBuildFile;
			settings = {
			};
		};
		F51C6E3402959A17014901DC = {
			fileRef = F51C6DD702959A17014901DC;
			isa = PBXBuildFile;
			settings = {
			};
		};
		F51C6E3502959A17014901DC = {
			fileRef = F51C6DD802959A17014901DC;
			isa = PBXBuildFile;
			settings = {
			};
		};
		F51C6E3602959A17014901DC = {
			fileRef = F51C6DD902959A17014901DC;
			isa = PBXBuildFile;
			settings = {
			};
		};
		F51C6E3702959A17014901DC = {
			fileRef = F51C6DDA02959A17014901DC;
			isa = PBXBuildFile;
			settings = {
			};
		};
		F51C6E3802959A17014901DC = {
			fileRef = F51C6DDB02959A17014901DC;
			isa = PBXBuildFile;
			settings = {
			};
		};
		F51C6E3902959A17014901DC = {
			fileRef = F51C6DDC02959A17014901DC;
			isa = PBXBuildFile;
			settings = {
			};
		};
		F51C6E3A02959A17014901DC = {
			fileRef = F51C6DDD02959A17014901DC;
			isa = PBXBuildFile;
			settings = {
			};
		};
		F51C6E3B02959A17014901DC = {
			fileRef = F51C6DDE02959A17014901DC;
			isa = PBXBuildFile;
			settings = {
			};
		};
		F51C6E3C02959A17014901DC = {
			fileRef = F51C6DDF02959A17014901DC;
			isa = PBXBuildFile;
			settings = {
			};
		};
		F51FB0DF02AECB430100020A = {
			fileRef = F51C6DC802959A17014901DC;
			isa = PBXBuildFile;
			settings = {
			};
		};
		F51FB0E002AF0C820100020A = {
			isa = PBXFileReference;
			path = CelestiaAppCore.h;
			refType = 4;
		};
		F51FB0E102AF0C820100020A = {
			isa = PBXFileReference;
			path = CelestiaAppCore.mm;
			refType = 4;
		};
		F51FB0E202AF0C820100020A = {
			fileRef = F51FB0E002AF0C820100020A;
			isa = PBXBuildFile;
			settings = {
			};
		};
		F5231C7102C2997601000006 = {
			isa = PBXFileReference;
			path = CelestiaFavorites.m;
			refType = 4;
		};
		F5231C7202C2997601000006 = {
			isa = PBXFileReference;
			path = CelestiaFavorites.h;
			refType = 4;
		};
		F5231C7302C2997601000006 = {
			fileRef = F5231C7102C2997601000006;
			isa = PBXBuildFile;
			settings = {
			};
		};
		F5231C7402C2997601000006 = {
			fileRef = F5231C7202C2997601000006;
			isa = PBXBuildFile;
			settings = {
			};
		};
		F5233227042F819501000002 = {
			isa = PBXFileReference;
			name = trajmanager.cpp;
			path = ../src/celengine/trajmanager.cpp;
			refType = 2;
		};
		F5233228042F819501000002 = {
			isa = PBXFileReference;
			name = trajmanager.h;
			path = ../src/celengine/trajmanager.h;
			refType = 2;
		};
		F5233229042F819501000002 = {
			fileRef = F5233227042F819501000002;
			isa = PBXBuildFile;
			settings = {
			};
		};
		F523322A042F819501000002 = {
			fileRef = F5233228042F819501000002;
			isa = PBXBuildFile;
			settings = {
			};
		};
		F5273E0203EDAB4C01000002 = {
			fileRef = F5626A1402A49BE1014901DC;
			isa = PBXBuildFile;
			settings = {
			};
		};
		F5274ED202AE88260100020A = {
			isa = PBXFileReference;
			path = CelestiaOpenGLView.h;
			refType = 4;
		};
		F5274ED302AE88260100020A = {
			isa = PBXFileReference;
			path = CelestiaOpenGLView.m;
			refType = 4;
		};
		F5274ED402AE88260100020A = {
			fileRef = F5274ED202AE88260100020A;
			isa = PBXBuildFile;
			settings = {
			};
		};
		F5274ED502AE88260100020A = {
			fileRef = F5274ED302AE88260100020A;
			isa = PBXBuildFile;
			settings = {
			};
		};
		F52F689F03F6D79001000002 = {
			fileRef = F51C6DCC02959A17014901DC;
			isa = PBXBuildFile;
			settings = {
			};
		};
		F53036BB03D908CE01000002 = {
			isa = PBXFileReference;
			name = url.cpp;
			path = ../src/celestia/url.cpp;
			refType = 2;
		};
		F53036BC03D908CE01000002 = {
			isa = PBXFileReference;
			name = url.h;
			path = ../src/celestia/url.h;
			refType = 2;
		};
		F53036BD03D908CE01000002 = {
			fileRef = F53036BB03D908CE01000002;
			isa = PBXBuildFile;
			settings = {
			};
		};
		F53036BE03D908CE01000002 = {
			fileRef = F53036BC03D908CE01000002;
			isa = PBXBuildFile;
			settings = {
			};
		};
		F55A246102B2AE6E0100020A = {
			isa = PBXFileReference;
			path = CelestiaBody.h;
			refType = 4;
		};
		F55A246202B2AE6E0100020A = {
			isa = PBXFileReference;
			path = CelestiaBody.mm;
			refType = 4;
		};
		F55A246302B2AE6E0100020A = {
			isa = PBXFileReference;
			path = CelestiaBody_PrivateAPI.h;
			refType = 4;
		};
		F55A246402B2AE6E0100020A = {
			fileRef = F55A246102B2AE6E0100020A;
			isa = PBXBuildFile;
			settings = {
			};
		};
		F55A246502B2AE6E0100020A = {
			fileRef = F55A246302B2AE6E0100020A;
			isa = PBXBuildFile;
			settings = {
			};
		};
		F55A246702B2D4FF0100020A = {
			children = (
				F55F041202B1105D0100020A,
				F51FB0E102AF0C820100020A,
				F55A246202B2AE6E0100020A,
				F55F042102B155E00100020A,
				F55F042702B1596A0100020A,
				F58102A502B3269F0100020A,
				F55F044602B175120100020A,
				F55F041602B149370100020A,
				F55F043702B159E00100020A,
				F55F042902B1596A0100020A,
				F55F042A02B1596A0100020A,
				F58102A602B3269F0100020A,
				F55F042802B1596A0100020A,
				F55A246902B2D9BA0100020A,
				F55F041102B1105D0100020A,
				F51FB0E002AF0C820100020A,
				F55A246102B2AE6E0100020A,
				F55F042202B155E00100020A,
				F55F042B02B1596A0100020A,
				F58102A702B3269F0100020A,
				F55F044502B175120100020A,
				F55F042D02B1596A0100020A,
				F55F043802B159E00100020A,
				F55F042E02B1596A0100020A,
				F58102A802B3269F0100020A,
				F55F041502B149370100020A,
				F55F042C02B1596A0100020A,
				F55A246802B2D9BA0100020A,
				F58102A302B31BC30100020A,
				F55F041B02B150810100020A,
				F55A246302B2AE6E0100020A,
				F55F042302B155E00100020A,
				F55F043D02B15A810100020A,
				F58102A902B3269F0100020A,
				F55F044902B175770100020A,
				F55F043B02B15A5A0100020A,
				F55F043F02B15ABE0100020A,
				F58102AA02B3269F0100020A,
				F55F044002B15ABE0100020A,
				F55F041902B1502B0100020A,
				F55F044302B15AFB0100020A,
				F55A246C02B2DA1A0100020A,
			);
			isa = PBXGroup;
			name = Wrappers;
			refType = 4;
		};
		F55A246802B2D9BA0100020A = {
			isa = PBXFileReference;
			path = CelestiaVector.h;
			refType = 4;
		};
		F55A246902B2D9BA0100020A = {
			isa = PBXFileReference;
			path = CelestiaVector.mm;
			refType = 4;
		};
		F55A246A02B2D9BA0100020A = {
			fileRef = F55A246802B2D9BA0100020A;
			isa = PBXBuildFile;
			settings = {
			};
		};
		F55A246B02B2D9BA0100020A = {
			fileRef = F55A246902B2D9BA0100020A;
			isa = PBXBuildFile;
			settings = {
			};
		};
		F55A246C02B2DA1A0100020A = {
			isa = PBXFileReference;
			path = CelestiaVector_PrivateAPI.h;
			refType = 4;
		};
		F55A246D02B2DA1A0100020A = {
			fileRef = F55A246C02B2DA1A0100020A;
			isa = PBXBuildFile;
			settings = {
			};
		};
		F55B3D5B0423985201000002 = {
			fileRef = F51FB0E102AF0C820100020A;
			isa = PBXBuildFile;
			settings = {
			};
		};
		F55B3D5C042398D101000002 = {
			isa = PBXFileReference;
			name = marker.cpp;
			path = ../src/celengine/marker.cpp;
			refType = 2;
		};
		F55B3D5D042398D101000002 = {
			isa = PBXFileReference;
			name = marker.h;
			path = ../src/celengine/marker.h;
			refType = 2;
		};
		F55B3D5E042398D101000002 = {
			fileRef = F55B3D5C042398D101000002;
			isa = PBXBuildFile;
			settings = {
			};
		};
		F55B3D5F042398D101000002 = {
			fileRef = F55B3D5D042398D101000002;
			isa = PBXBuildFile;
			settings = {
			};
		};
		F55B3E6304239A0101000002 = {
			fileRef = F55F042702B1596A0100020A;
			isa = PBXBuildFile;
			settings = {
			};
		};
		F55B3E6704239A8A01000002 = {
			fileRef = F55F042A02B1596A0100020A;
			isa = PBXBuildFile;
			settings = {
			};
		};
		F55B3E6804239B4F01000002 = {
			fileRef = F55F042802B1596A0100020A;
			isa = PBXBuildFile;
			settings = {
			};
		};
		F55B3E6904239C7401000002 = {
			fileRef = F55F043702B159E00100020A;
			isa = PBXBuildFile;
			settings = {
			};
		};
		F55B3E6A04239DC701000002 = {
			fileRef = F55F042902B1596A0100020A;
			isa = PBXBuildFile;
			settings = {
			};
		};
		F55B3E6B04239F7201000002 = {
			isa = PBXFileReference;
			name = deepskyobj.cpp;
			path = ../src/celengine/deepskyobj.cpp;
			refType = 2;
		};
		F55B3E6C04239F7201000002 = {
			isa = PBXFileReference;
			name = deepskyobj.h;
			path = ../src/celengine/deepskyobj.h;
			refType = 2;
		};
		F55B3E6D04239F7201000002 = {
			isa = PBXFileReference;
			name = frame.cpp;
			path = ../src/celengine/frame.cpp;
			refType = 2;
		};
		F55B3E6E04239F7201000002 = {
			isa = PBXFileReference;
			name = frame.h;
			path = ../src/celengine/frame.h;
			refType = 2;
		};
		F55B3E6F04239F7201000002 = {
			isa = PBXFileReference;
			name = glcontext.cpp;
			path = ../src/celengine/glcontext.cpp;
			refType = 2;
		};
		F55B3E7004239F7201000002 = {
			isa = PBXFileReference;
			name = glcontext.h;
			path = ../src/celengine/glcontext.h;
			refType = 2;
		};
		F55B3E7104239F7201000002 = {
			isa = PBXFileReference;
			name = nebula.cpp;
			path = ../src/celengine/nebula.cpp;
			refType = 2;
		};
		F55B3E7204239F7201000002 = {
			isa = PBXFileReference;
			name = nebula.h;
			path = ../src/celengine/nebula.h;
			refType = 2;
		};
		F55B3E7304239F7201000002 = {
			isa = PBXFileReference;
			name = opencluster.cpp;
			path = ../src/celengine/opencluster.cpp;
			refType = 2;
		};
		F55B3E7404239F7201000002 = {
			isa = PBXFileReference;
			name = opencluster.h;
			path = ../src/celengine/opencluster.h;
			refType = 2;
		};
		F55B3E7504239F7201000002 = {
			fileRef = F55B3E6B04239F7201000002;
			isa = PBXBuildFile;
			settings = {
			};
		};
		F55B3E7604239F7201000002 = {
			fileRef = F55B3E6C04239F7201000002;
			isa = PBXBuildFile;
			settings = {
			};
		};
		F55B3E7704239F7201000002 = {
			fileRef = F55B3E6D04239F7201000002;
			isa = PBXBuildFile;
			settings = {
			};
		};
		F55B3E7804239F7201000002 = {
			fileRef = F55B3E6E04239F7201000002;
			isa = PBXBuildFile;
			settings = {
			};
		};
		F55B3E7904239F7201000002 = {
			fileRef = F55B3E6F04239F7201000002;
			isa = PBXBuildFile;
			settings = {
			};
		};
		F55B3E7A04239F7201000002 = {
			fileRef = F55B3E7004239F7201000002;
			isa = PBXBuildFile;
			settings = {
			};
		};
		F55B3E7B04239F7201000002 = {
			fileRef = F55B3E7104239F7201000002;
			isa = PBXBuildFile;
			settings = {
			};
		};
		F55B3E7C04239F7201000002 = {
			fileRef = F55B3E7204239F7201000002;
			isa = PBXBuildFile;
			settings = {
			};
		};
		F55B3E7D04239F7201000002 = {
			fileRef = F55B3E7304239F7201000002;
			isa = PBXBuildFile;
			settings = {
			};
		};
		F55B3E7E04239F7201000002 = {
			fileRef = F55B3E7404239F7201000002;
			isa = PBXBuildFile;
			settings = {
			};
		};
		F55B3E7F04239FE601000002 = {
			fileRef = F55F044602B175120100020A;
			isa = PBXBuildFile;
			settings = {
			};
		};
		F55B3E800423A1DB01000002 = {
			isa = PBXFileReference;
			name = directory.cpp;
			path = ../src/celutil/directory.cpp;
			refType = 2;
		};
		F55B3E810423A1DB01000002 = {
			fileRef = F55B3E800423A1DB01000002;
			isa = PBXBuildFile;
			settings = {
			};
		};
		F55C817502AF51EF0100020A = {
			children = (
				F5D0859E02A57A60014901DC,
				F5D0859F02A57A60014901DC,
				F5D085A002A57A60014901DC,
				F5D085A102A57A60014901DC,
				F5D085A202A57A60014901DC,
				F5D085A302A57A60014901DC,
				F5D085A402A57A60014901DC,
				F5D085A502A57A60014901DC,
			);
			isa = PBXGroup;
			name = "GLUT (Not used, for reference!)";
			refType = 4;
		};
		F55C817602AF55890100020A = {
			isa = PBXFileReference;
			path = GotoWindowController.m;
			refType = 4;
		};
		F55C817702AF55890100020A = {
			isa = PBXFileReference;
			path = GotoWindowController.h;
			refType = 4;
		};
		F55C817802AF55890100020A = {
			fileRef = F55C817702AF55890100020A;
			isa = PBXBuildFile;
			settings = {
			};
		};
		F55C817902AF55890100020A = {
			fileRef = F55C817602AF55890100020A;
			isa = PBXBuildFile;
			settings = {
			};
		};
		F55F041102B1105D0100020A = {
			isa = PBXFileReference;
			path = Astro.h;
			refType = 4;
		};
		F55F041202B1105D0100020A = {
			isa = PBXFileReference;
			path = Astro.mm;
			refType = 4;
		};
		F55F041302B1105D0100020A = {
			fileRef = F55F041102B1105D0100020A;
			isa = PBXBuildFile;
			settings = {
			};
		};
		F55F041402B1105D0100020A = {
			fileRef = F55F041202B1105D0100020A;
			isa = PBXBuildFile;
			settings = {
			};
		};
		F55F041502B149370100020A = {
			isa = PBXFileReference;
			path = CelestiaUniversalCoord.h;
			refType = 4;
		};
		F55F041602B149370100020A = {
			isa = PBXFileReference;
			path = CelestiaUniversalCoord.mm;
			refType = 4;
		};
		F55F041702B149370100020A = {
			fileRef = F55F041502B149370100020A;
			isa = PBXBuildFile;
			settings = {
			};
		};
		F55F041802B149370100020A = {
			fileRef = F55F041602B149370100020A;
			isa = PBXBuildFile;
			settings = {
			};
		};
		F55F041902B1502B0100020A = {
			isa = PBXFileReference;
			path = CelestiaUniversalCoord_PrivateAPI.h;
			refType = 4;
		};
		F55F041A02B1502B0100020A = {
			fileRef = F55F041902B1502B0100020A;
			isa = PBXBuildFile;
			settings = {
			};
		};
		F55F041B02B150810100020A = {
			isa = PBXFileReference;
			path = CelestiaAppCore_PrivateAPI.h;
			refType = 4;
		};
		F55F041C02B150810100020A = {
			fileRef = F55F041B02B150810100020A;
			isa = PBXBuildFile;
			settings = {
			};
		};
		F55F041D02B152180100020A = {
			isa = PBXFileReference;
			path = NSString_ObjCPlusPlus.h;
			refType = 4;
		};
		F55F041E02B152180100020A = {
			isa = PBXFileReference;
			path = NSString_ObjCPlusPlus.mm;
			refType = 4;
		};
		F55F041F02B152180100020A = {
			fileRef = F55F041D02B152180100020A;
			isa = PBXBuildFile;
			settings = {
			};
		};
		F55F042002B152180100020A = {
			fileRef = F55F041E02B152180100020A;
			isa = PBXBuildFile;
			settings = {
			};
		};
		F55F042102B155E00100020A = {
			isa = PBXFileReference;
			path = CelestiaDestination.mm;
			refType = 4;
		};
		F55F042202B155E00100020A = {
			isa = PBXFileReference;
			path = CelestiaDestination.h;
			refType = 4;
		};
		F55F042302B155E00100020A = {
			isa = PBXFileReference;
			path = CelestiaDestination_PrivateAPI.h;
			refType = 4;
		};
		F55F042402B155E00100020A = {
			fileRef = F55F042202B155E00100020A;
			isa = PBXBuildFile;
			settings = {
			};
		};
		F55F042502B155E00100020A = {
			fileRef = F55F042302B155E00100020A;
			isa = PBXBuildFile;
			settings = {
			};
		};
		F55F042602B155E00100020A = {
			fileRef = F55F042102B155E00100020A;
			isa = PBXBuildFile;
			settings = {
			};
		};
		F55F042702B1596A0100020A = {
			isa = PBXFileReference;
			path = CelestiaFavorite.mm;
			refType = 4;
		};
		F55F042802B1596A0100020A = {
			isa = PBXFileReference;
			path = CelestiaUniverse.mm;
			refType = 4;
		};
		F55F042902B1596A0100020A = {
			isa = PBXFileReference;
			path = CelestiaSimulation.mm;
			refType = 4;
		};
		F55F042A02B1596A0100020A = {
			isa = PBXFileReference;
			path = CelestiaRenderer.mm;
			refType = 4;
		};
		F55F042B02B1596A0100020A = {
			isa = PBXFileReference;
			path = CelestiaFavorite.h;
			refType = 4;
		};
		F55F042C02B1596A0100020A = {
			isa = PBXFileReference;
			path = CelestiaUniverse.h;
			refType = 4;
		};
		F55F042D02B1596A0100020A = {
			isa = PBXFileReference;
			path = CelestiaRenderer.h;
			refType = 4;
		};
		F55F042E02B1596A0100020A = {
			isa = PBXFileReference;
			path = CelestiaSimulation.h;
			refType = 4;
		};
		F55F042F02B1596A0100020A = {
			fileRef = F55F042B02B1596A0100020A;
			isa = PBXBuildFile;
			settings = {
			};
		};
		F55F043002B1596A0100020A = {
			fileRef = F55F042C02B1596A0100020A;
			isa = PBXBuildFile;
			settings = {
			};
		};
		F55F043102B1596A0100020A = {
			fileRef = F55F042E02B1596A0100020A;
			isa = PBXBuildFile;
			settings = {
			};
		};
		F55F043202B1596A0100020A = {
			fileRef = F55F042D02B1596A0100020A;
			isa = PBXBuildFile;
			settings = {
			};
		};
		F55F043702B159E00100020A = {
			isa = PBXFileReference;
			path = CelestiaSelection.mm;
			refType = 4;
		};
		F55F043802B159E00100020A = {
			isa = PBXFileReference;
			path = CelestiaSelection.h;
			refType = 4;
		};
		F55F043902B159E00100020A = {
			fileRef = F55F043802B159E00100020A;
			isa = PBXBuildFile;
			settings = {
			};
		};
		F55F043B02B15A5A0100020A = {
			isa = PBXFileReference;
			path = CelestiaSelection_PrivateAPI.h;
			refType = 4;
		};
		F55F043C02B15A5A0100020A = {
			fileRef = F55F043B02B15A5A0100020A;
			isa = PBXBuildFile;
			settings = {
			};
		};
		F55F043D02B15A810100020A = {
			isa = PBXFileReference;
			path = CelestiaFavorite_PrivateAPI.h;
			refType = 4;
		};
		F55F043E02B15A820100020A = {
			fileRef = F55F043D02B15A810100020A;
			isa = PBXBuildFile;
			settings = {
			};
		};
		F55F043F02B15ABE0100020A = {
			isa = PBXFileReference;
			path = CelestiaSimulation_PrivateAPI.h;
			refType = 4;
		};
		F55F044002B15ABE0100020A = {
			isa = PBXFileReference;
			path = CelestiaRenderer_PrivateAPI.h;
			refType = 4;
		};
		F55F044102B15ABE0100020A = {
			fileRef = F55F043F02B15ABE0100020A;
			isa = PBXBuildFile;
			settings = {
			};
		};
		F55F044202B15ABE0100020A = {
			fileRef = F55F044002B15ABE0100020A;
			isa = PBXBuildFile;
			settings = {
			};
		};
		F55F044302B15AFB0100020A = {
			isa = PBXFileReference;
			path = CelestiaUniverse_PrivateAPI.h;
			refType = 4;
		};
		F55F044402B15AFB0100020A = {
			fileRef = F55F044302B15AFB0100020A;
			isa = PBXBuildFile;
			settings = {
			};
		};
		F55F044502B175120100020A = {
			isa = PBXFileReference;
			path = CelestiaObserver.h;
			refType = 4;
		};
		F55F044602B175120100020A = {
			isa = PBXFileReference;
			path = CelestiaObserver.mm;
			refType = 4;
		};
		F55F044702B175120100020A = {
			fileRef = F55F044502B175120100020A;
			isa = PBXBuildFile;
			settings = {
			};
		};
		F55F044902B175770100020A = {
			isa = PBXFileReference;
			path = CelestiaObserver_PrivateAPI.h;
			refType = 4;
		};
		F55F044A02B175770100020A = {
			fileRef = F55F044902B175770100020A;
			isa = PBXBuildFile;
			settings = {
			};
		};
		F56223D904F0992001000002 = {
			isa = PBXFileReference;
			name = watcher.h;
			path = ../src/celutil/watcher.h;
			refType = 2;
		};
		F56223DA04F0992001000002 = {
			fileRef = F56223D904F0992001000002;
			isa = PBXBuildFile;
			settings = {
			};
		};
		F5626A0002A49B8B014901DC = {
			isa = PBXFileReference;
			name = celestia.cfg;
			path = ../celestia.cfg;
			refType = 2;
		};
		F5626A0102A49B8B014901DC = {
			includeInIndex = 0;
			isa = PBXFolderReference;
			name = data;
			path = ../data;
			refType = 2;
		};
		F5626A0202A49B8B014901DC = {
			isa = PBXFileReference;
			name = demo.cel;
			path = ../demo.cel;
			refType = 2;
		};
		F5626A0302A49B8B014901DC = {
			includeInIndex = 0;
			isa = PBXFolderReference;
			name = extras;
			path = ../extras;
			refType = 2;
		};
		F5626A0402A49B8B014901DC = {
			includeInIndex = 0;
			isa = PBXFolderReference;
			name = fonts;
			path = ../fonts;
			refType = 2;
		};
		F5626A0502A49B8B014901DC = {
			isa = PBXFileReference;
			name = guide.cel;
			path = ../guide.cel;
			refType = 2;
		};
		F5626A0602A49B8B014901DC = {
			includeInIndex = 0;
			isa = PBXFolderReference;
			name = models;
			path = ../models;
			refType = 2;
		};
		F5626A0702A49B8B014901DC = {
			includeInIndex = 0;
			isa = PBXFolderReference;
			name = shaders;
			path = ../shaders;
			refType = 2;
		};
		F5626A0802A49B8B014901DC = {
			isa = PBXFileReference;
			name = start.cel;
			path = ../start.cel;
			refType = 2;
		};
		F5626A0902A49B8B014901DC = {
			includeInIndex = 0;
			isa = PBXFolderReference;
			name = textures;
			path = ../textures;
			refType = 2;
		};
		F5626A1402A49BE1014901DC = {
			children = (
				F5626A1502A49BE1014901DC,
			);
			isa = PBXVariantGroup;
			name = celestia.icns;
			path = "";
			refType = 2;
		};
		F5626A1502A49BE1014901DC = {
			isa = PBXFileReference;
			name = English;
			path = English.lproj/celestia.icns;
			refType = 4;
		};
		F565A8B102EB418701000006 = {
			isa = PBXFileReference;
			path = RenderPanelController.h;
			refType = 4;
		};
		F565A8B202EB418701000006 = {
			isa = PBXFileReference;
			path = RenderPanelController.m;
			refType = 4;
		};
		F565A8B302EB418701000006 = {
			fileRef = F565A8B102EB418701000006;
			isa = PBXBuildFile;
			settings = {
			};
		};
		F565A8B402EB418701000006 = {
			fileRef = F565A8B202EB418701000006;
			isa = PBXBuildFile;
			settings = {
			};
		};
		F56FFFA902C571280100020A = {
			isa = PBXFileReference;
			path = MyTree.h;
			refType = 4;
		};
		F56FFFAA02C571280100020A = {
			isa = PBXFileReference;
			path = MyTree.m;
			refType = 4;
		};
		F56FFFAB02C571280100020A = {
			fileRef = F56FFFA902C571280100020A;
			isa = PBXBuildFile;
			settings = {
			};
		};
		F56FFFAC02C571280100020A = {
			fileRef = F56FFFAA02C571280100020A;
			isa = PBXBuildFile;
			settings = {
			};
		};
		F56FFFAD02C578050100020A = {
			isa = PBXFileReference;
			name = boundaries.cpp;
			path = ../src/celengine/boundaries.cpp;
			refType = 2;
		};
		F56FFFAE02C578050100020A = {
			isa = PBXFileReference;
			name = boundaries.h;
			path = ../src/celengine/boundaries.h;
			refType = 2;
		};
		F56FFFAF02C578050100020A = {
			fileRef = F56FFFAD02C578050100020A;
			isa = PBXBuildFile;
			settings = {
			};
		};
		F56FFFB002C578050100020A = {
			fileRef = F56FFFAE02C578050100020A;
			isa = PBXBuildFile;
			settings = {
			};
		};
		F578B79D02B3E2AD0100020A = {
			children = (
				F578B79E02B3E2DD0100020A,
				F56FFFAA02C571280100020A,
				F578B7A102B3E2DD0100020A,
				F578B7A002B3E2DD0100020A,
				F55F041E02B152180100020A,
				F578B7A202B3E2DD0100020A,
				F56FFFA902C571280100020A,
				F578B7A302B3E2DD0100020A,
				F578B79F02B3E2DD0100020A,
				F55F041D02B152180100020A,
			);
			isa = PBXGroup;
			name = "Cocoa Extensions";
			refType = 4;
		};
		F578B79E02B3E2DD0100020A = {
			isa = PBXFileReference;
			path = ImageAndTextCell.m;
			refType = 4;
		};
		F578B79F02B3E2DD0100020A = {
			isa = PBXFileReference;
			path = NSOutlineView_Extensions.h;
			refType = 4;
		};
		F578B7A002B3E2DD0100020A = {
			isa = PBXFileReference;
			path = NSOutlineView_Extensions.m;
			refType = 4;
		};
		F578B7A102B3E2DD0100020A = {
			isa = PBXFileReference;
			path = NSArray_Extensions.m;
			refType = 4;
		};
		F578B7A202B3E2DD0100020A = {
			isa = PBXFileReference;
			path = ImageAndTextCell.h;
			refType = 4;
		};
		F578B7A302B3E2DD0100020A = {
			isa = PBXFileReference;
			path = NSArray_Extensions.h;
			refType = 4;
		};
		F578B7A402B3E2DE0100020A = {
			fileRef = F578B79F02B3E2DD0100020A;
			isa = PBXBuildFile;
			settings = {
			};
		};
		F578B7A502B3E2DE0100020A = {
			fileRef = F578B7A202B3E2DD0100020A;
			isa = PBXBuildFile;
			settings = {
			};
		};
		F578B7A602B3E2DE0100020A = {
			fileRef = F578B7A302B3E2DD0100020A;
			isa = PBXBuildFile;
			settings = {
			};
		};
		F578B7A702B3E2DE0100020A = {
			fileRef = F578B79E02B3E2DD0100020A;
			isa = PBXBuildFile;
			settings = {
			};
		};
		F578B7A802B3E2DE0100020A = {
			fileRef = F578B7A002B3E2DD0100020A;
			isa = PBXBuildFile;
			settings = {
			};
		};
		F578B7A902B3E2DE0100020A = {
			fileRef = F578B7A102B3E2DD0100020A;
			isa = PBXBuildFile;
			settings = {
			};
		};
		F578B7AE02B3E35F0100020A = {
			children = (
				F5626A0002A49B8B014901DC,
				F5626A0102A49B8B014901DC,
				F5626A0202A49B8B014901DC,
				F5626A0302A49B8B014901DC,
				F5626A0402A49B8B014901DC,
				F5626A0502A49B8B014901DC,
				F5626A0602A49B8B014901DC,
				F5626A0702A49B8B014901DC,
				F5626A0802A49B8B014901DC,
				F5626A0902A49B8B014901DC,
			);
			isa = PBXGroup;
			name = "Celestia Data";
			refType = 4;
		};
		F578B7B302B3E4DB0100020A = {
			isa = PBXFileReference;
			path = FavoritesDrawerController.h;
			refType = 4;
		};
		F578B7B402B3E4DB0100020A = {
			isa = PBXFileReference;
			path = FavoritesDrawerController.m;
			refType = 4;
		};
		F578B7B502B3E4DB0100020A = {
			fileRef = F578B7B302B3E4DB0100020A;
			isa = PBXBuildFile;
			settings = {
			};
		};
		F578B7B602B3E4DC0100020A = {
			fileRef = F578B7B402B3E4DB0100020A;
			isa = PBXBuildFile;
			settings = {
			};
		};
		F57B5A32057AB63101000002 = {
			isa = PBXFileReference;
			name = console.cpp;
			path = ../src/celengine/console.cpp;
			refType = 2;
		};
		F57B5A33057AB63101000002 = {
			isa = PBXFileReference;
			name = console.h;
			path = ../src/celengine/console.h;
			refType = 2;
		};
		F57B5A34057AB63101000002 = {
			fileRef = F57B5A32057AB63101000002;
			isa = PBXBuildFile;
			settings = {
			};
		};
		F57B5A35057AB63101000002 = {
			fileRef = F57B5A33057AB63101000002;
			isa = PBXBuildFile;
			settings = {
			};
		};
		F57B5A36057AB65E01000002 = {
			isa = PBXFileReference;
			name = fragmentprog.cpp;
			path = ../src/celengine/fragmentprog.cpp;
			refType = 2;
		};
		F57B5A37057AB65E01000002 = {
			isa = PBXFileReference;
			name = fragmentprog.h;
			path = ../src/celengine/fragmentprog.h;
			refType = 2;
		};
		F57B5A38057AB65E01000002 = {
			fileRef = F57B5A36057AB65E01000002;
			isa = PBXBuildFile;
			settings = {
			};
		};
		F57B5A39057AB65E01000002 = {
			fileRef = F57B5A37057AB65E01000002;
			isa = PBXBuildFile;
			settings = {
			};
		};
		F57F9FD302B94A0B01000006 = {
			isa = PBXFileReference;
			path = ContextOutlineView.h;
			refType = 4;
		};
		F57F9FD402B94A0B01000006 = {
			isa = PBXFileReference;
			path = ContextOutlineView.m;
			refType = 4;
		};
		F57F9FD502B94A0B01000006 = {
			fileRef = F57F9FD302B94A0B01000006;
			isa = PBXBuildFile;
			settings = {
			};
		};
		F57F9FD602B94A0B01000006 = {
			fileRef = F57F9FD402B94A0B01000006;
			isa = PBXBuildFile;
			settings = {
			};
		};
		F57FA4EF02B9AB8601000006 = {
			isa = PBXFileReference;
			path = FavoriteInfoWindowController.h;
			refType = 4;
		};
		F57FA4F002B9AB8601000006 = {
			isa = PBXFileReference;
			path = FavoriteInfoWindowController.m;
			refType = 4;
		};
		F57FA4F102B9AB8601000006 = {
			fileRef = F57FA4EF02B9AB8601000006;
			isa = PBXBuildFile;
			settings = {
			};
		};
		F57FA4F202B9AB8601000006 = {
			fileRef = F57FA4F002B9AB8601000006;
			isa = PBXBuildFile;
			settings = {
			};
		};
		F58102A302B31BC30100020A = {
			isa = PBXFileReference;
			path = Astro_PrivateAPI.h;
			refType = 4;
		};
		F58102A402B31BC30100020A = {
			fileRef = F58102A302B31BC30100020A;
			isa = PBXBuildFile;
			settings = {
			};
		};
		F58102A502B3269F0100020A = {
			isa = PBXFileReference;
			path = CelestiaGalaxy.mm;
			refType = 4;
		};
		F58102A602B3269F0100020A = {
			isa = PBXFileReference;
			path = CelestiaStar.mm;
			refType = 4;
		};
		F58102A702B3269F0100020A = {
			isa = PBXFileReference;
			path = CelestiaGalaxy.h;
			refType = 4;
		};
		F58102A802B3269F0100020A = {
			isa = PBXFileReference;
			path = CelestiaStar.h;
			refType = 4;
		};
		F58102A902B3269F0100020A = {
			isa = PBXFileReference;
			path = CelestiaGalaxy_PrivateAPI.h;
			refType = 4;
		};
		F58102AA02B3269F0100020A = {
			isa = PBXFileReference;
			path = CelestiaStar_PrivateAPI.h;
			refType = 4;
		};
		F58102AB02B3269F0100020A = {
			fileRef = F58102A902B3269F0100020A;
			isa = PBXBuildFile;
			settings = {
			};
		};
		F58102AC02B3269F0100020A = {
			fileRef = F58102A702B3269F0100020A;
			isa = PBXBuildFile;
			settings = {
			};
		};
		F58102AD02B3269F0100020A = {
			fileRef = F58102AA02B3269F0100020A;
			isa = PBXBuildFile;
			settings = {
			};
		};
		F58102AE02B3269F0100020A = {
			fileRef = F58102A802B3269F0100020A;
			isa = PBXBuildFile;
			settings = {
			};
		};
		F58102AF02B3269F0100020A = {
			fileRef = F58102A502B3269F0100020A;
			isa = PBXBuildFile;
			settings = {
			};
		};
		F58102B002B3269F0100020A = {
			fileRef = F58102A602B3269F0100020A;
			isa = PBXBuildFile;
			settings = {
			};
		};
		F581CB2204D6D24F01000002 = {
			fileRef = F5040AFC02A46537014901DC;
			isa = PBXBuildFile;
			settings = {
			};
		};
		F581CC6F04E0AFDF01000002 = {
			isa = PBXFileReference;
			name = image.cpp;
			path = ../src/celengine/image.cpp;
			refType = 2;
		};
		F581CC7004E0AFDF01000002 = {
			isa = PBXFileReference;
			name = image.h;
			path = ../src/celengine/image.h;
			refType = 2;
		};
		F581CC7104E0AFDF01000002 = {
			fileRef = F581CC6F04E0AFDF01000002;
			isa = PBXBuildFile;
			settings = {
			};
		};
		F581CC7204E0AFDF01000002 = {
			fileRef = F581CC7004E0AFDF01000002;
			isa = PBXBuildFile;
			settings = {
			};
		};
		F581CC7304E0B15701000002 = {
			isa = PBXFileReference;
			name = virtualtex.cpp;
			path = ../src/celengine/virtualtex.cpp;
			refType = 2;
		};
		F581CC7404E0B15701000002 = {
			isa = PBXFileReference;
			name = virtualtex.h;
			path = ../src/celengine/virtualtex.h;
			refType = 2;
		};
		F581CC7504E0B15701000002 = {
			fileRef = F581CC7304E0B15701000002;
			isa = PBXBuildFile;
			settings = {
			};
		};
		F581CC7604E0B15701000002 = {
			fileRef = F581CC7404E0B15701000002;
			isa = PBXBuildFile;
			settings = {
			};
		};
		F581CC7704E0B1BF01000002 = {
			fileRef = F51C6DC302959A17014901DC;
			isa = PBXBuildFile;
			settings = {
			};
		};
		F59DDEAA02B5F10E0100020A = {
			fileRef = F55A246202B2AE6E0100020A;
			isa = PBXBuildFile;
			settings = {
			};
		};
		F59FA90904A12E3001000002 = {
			isa = PBXFileReference;
			name = location.cpp;
			path = ../src/celengine/location.cpp;
			refType = 2;
		};
		F59FA90A04A12E3001000002 = {
			isa = PBXFileReference;
			name = location.h;
			path = ../src/celengine/location.h;
			refType = 2;
		};
		F59FA90B04A12E3001000002 = {
			fileRef = F59FA90904A12E3001000002;
			isa = PBXBuildFile;
			settings = {
			};
		};
		F59FA90C04A12E3001000002 = {
			fileRef = F59FA90A04A12E3001000002;
			isa = PBXBuildFile;
			settings = {
			};
		};
		F5A0AE6604E89E2401000002 = {
			isa = PBXFileReference;
			name = formatnum.cpp;
			path = ../src/celutil/formatnum.cpp;
			refType = 2;
		};
		F5A0AE6704E89E2401000002 = {
			isa = PBXFileReference;
			name = formatnum.h;
			path = ../src/celutil/formatnum.h;
			refType = 2;
		};
		F5A0AE6804E89E2401000002 = {
			fileRef = F5A0AE6604E89E2401000002;
			isa = PBXBuildFile;
			settings = {
			};
		};
		F5A0AE6904E89E2401000002 = {
			fileRef = F5A0AE6704E89E2401000002;
			isa = PBXBuildFile;
			settings = {
			};
		};
		F5D0859E02A57A60014901DC = {
			isa = PBXFileReference;
			path = GLUTMenu.m;
			refType = 2;
		};
		F5D0859F02A57A60014901DC = {
			isa = PBXFileReference;
			path = GLUTView_Private.m;
			refType = 2;
		};
		F5D085A002A57A60014901DC = {
			isa = PBXFileReference;
			path = GLUTView.m;
			refType = 2;
		};
		F5D085A102A57A60014901DC = {
			isa = PBXFileReference;
			path = GLUTWindow.m;
			refType = 2;
		};
		F5D085A202A57A60014901DC = {
			isa = PBXFileReference;
			path = GLUTMenu.h;
			refType = 2;
		};
		F5D085A302A57A60014901DC = {
			isa = PBXFileReference;
			path = GLUTView_Private.h;
			refType = 2;
		};
		F5D085A402A57A60014901DC = {
			isa = PBXFileReference;
			path = GLUTView.h;
			refType = 2;
		};
		F5D085A502A57A60014901DC = {
			isa = PBXFileReference;
			path = GLUTWindow.h;
			refType = 2;
		};
		F5D085AA02A57A60014901DC = {
			fileRef = F51C6D440295968D014901DC;
			isa = PBXBuildFile;
			settings = {
			};
		};
		F5D085AB02A57A60014901DC = {
			fileRef = F51C6D460295968D014901DC;
			isa = PBXBuildFile;
			settings = {
			};
		};
		F5D085AC02A57A60014901DC = {
			fileRef = F51C6D480295968D014901DC;
			isa = PBXBuildFile;
			settings = {
			};
		};
		F5D085AD02A57A60014901DC = {
			fileRef = F51C6D9A02959960014901DC;
			isa = PBXBuildFile;
			settings = {
			};
		};
		F5D085AE02A57A60014901DC = {
			fileRef = F51C6D9B02959960014901DC;
			isa = PBXBuildFile;
			settings = {
			};
		};
		F5D085AF02A57A60014901DC = {
			fileRef = F51C6D9C02959960014901DC;
			isa = PBXBuildFile;
			settings = {
			};
		};
		F5D085B002A57A60014901DC = {
			fileRef = F51C6D9D02959960014901DC;
			isa = PBXBuildFile;
			settings = {
			};
		};
		F5D085B102A57A60014901DC = {
			fileRef = F51C6D7A029598F9014901DC;
			isa = PBXBuildFile;
			settings = {
			};
		};
		F5D085B202A57A60014901DC = {
			fileRef = F51C6D7B029598F9014901DC;
			isa = PBXBuildFile;
			settings = {
			};
		};
		F5D085B302A57A60014901DC = {
			fileRef = F51C6D7C029598F9014901DC;
			isa = PBXBuildFile;
			settings = {
			};
		};
		F5D085B402A57A60014901DC = {
			fileRef = F51C6D7D029598F9014901DC;
			isa = PBXBuildFile;
			settings = {
			};
		};
		F5D085B502A57A60014901DC = {
			fileRef = F51C6D7E029598F9014901DC;
			isa = PBXBuildFile;
			settings = {
			};
		};
		F5D085B602A57A60014901DC = {
			fileRef = F51C6D7F029598F9014901DC;
			isa = PBXBuildFile;
			settings = {
			};
		};
		F5D085B702A57A60014901DC = {
			fileRef = F51C6D80029598F9014901DC;
			isa = PBXBuildFile;
			settings = {
			};
		};
		F5D085B802A57A60014901DC = {
			fileRef = F51C6D81029598F9014901DC;
			isa = PBXBuildFile;
			settings = {
			};
		};
		F5D085B902A57A60014901DC = {
			fileRef = F51C6D82029598F9014901DC;
			isa = PBXBuildFile;
			settings = {
			};
		};
		F5D085BA02A57A60014901DC = {
			fileRef = F51C6D83029598F9014901DC;
			isa = PBXBuildFile;
			settings = {
			};
		};
		F5D085BB02A57A60014901DC = {
			fileRef = F51C6D84029598F9014901DC;
			isa = PBXBuildFile;
			settings = {
			};
		};
		F5D085BC02A57A60014901DC = {
			fileRef = F51C6D85029598F9014901DC;
			isa = PBXBuildFile;
			settings = {
			};
		};
		F5D085BD02A57A60014901DC = {
			fileRef = F51C6D86029598F9014901DC;
			isa = PBXBuildFile;
			settings = {
			};
		};
		F5D085BE02A57A60014901DC = {
			fileRef = F51C6D77029598F9014901DC;
			isa = PBXBuildFile;
			settings = {
			};
		};
		F5D085BF02A57A60014901DC = {
			fileRef = F51C6D660295987B014901DC;
			isa = PBXBuildFile;
			settings = {
			};
		};
		F5D085C002A57A60014901DC = {
			fileRef = F51C6D610295987B014901DC;
			isa = PBXBuildFile;
			settings = {
			};
		};
		F5D085C102A57A60014901DC = {
			fileRef = F51C6D620295987B014901DC;
			isa = PBXBuildFile;
			settings = {
			};
		};
		F5D085C202A57A60014901DC = {
			fileRef = F51C6D600295987B014901DC;
			isa = PBXBuildFile;
			settings = {
			};
		};
		F5D085C302A57A60014901DC = {
			fileRef = F51C6D5F0295987B014901DC;
			isa = PBXBuildFile;
			settings = {
			};
		};
		F5D085C402A57A60014901DC = {
			fileRef = F51C6D5D0295987B014901DC;
			isa = PBXBuildFile;
			settings = {
			};
		};
		F5D085C502A57A60014901DC = {
			fileRef = F51C6D5C0295987B014901DC;
			isa = PBXBuildFile;
			settings = {
			};
		};
		F5D085C602A57A60014901DC = {
			fileRef = F51C6D5A0295987B014901DC;
			isa = PBXBuildFile;
			settings = {
			};
		};
		F5D085C702A57A60014901DC = {
			fileRef = F51C6D580295987B014901DC;
			isa = PBXBuildFile;
			settings = {
			};
		};
		F5D085C802A57A60014901DC = {
			fileRef = F51C6D570295987B014901DC;
			isa = PBXBuildFile;
			settings = {
			};
		};
		F5D085C902A57A60014901DC = {
			fileRef = F51C6D550295987B014901DC;
			isa = PBXBuildFile;
			settings = {
			};
		};
		F5D085CE02A57ECD014901DC = {
			children = (
				F5040AFE02A46BDB014901DC,
			);
			isa = PBXGroup;
			name = "Mac Specific";
			refType = 4;
		};
		F5D085D002A57ECD014901DC = {
			fileRef = F5040AFE02A46BDB014901DC;
			isa = PBXBuildFile;
			settings = {
			};
		};
		F5D085D202A582DA014901DC = {
			fileRef = F51C6DE002959A17014901DC;
			isa = PBXBuildFile;
			settings = {
			};
		};
		F5D085D302A582DA014901DC = {
			fileRef = F51C6DE102959A17014901DC;
			isa = PBXBuildFile;
			settings = {
			};
		};
		F5D085D402A582DA014901DC = {
			fileRef = F51C6DE202959A17014901DC;
			isa = PBXBuildFile;
			settings = {
			};
		};
		F5D085D502A582DA014901DC = {
			fileRef = F51C6DE302959A17014901DC;
			isa = PBXBuildFile;
			settings = {
			};
		};
		F5D085D602A582DA014901DC = {
			fileRef = F51C6DE402959A17014901DC;
			isa = PBXBuildFile;
			settings = {
			};
		};
		F5D085D702A582DA014901DC = {
			fileRef = F51C6DE502959A17014901DC;
			isa = PBXBuildFile;
			settings = {
			};
		};
		F5D085D802A582DA014901DC = {
			fileRef = F51C6DE602959A17014901DC;
			isa = PBXBuildFile;
			settings = {
			};
		};
		F5D085D902A582DA014901DC = {
			fileRef = F51C6DE702959A17014901DC;
			isa = PBXBuildFile;
			settings = {
			};
		};
		F5D085DA02A582DA014901DC = {
			fileRef = F51C6DE802959A17014901DC;
			isa = PBXBuildFile;
			settings = {
			};
		};
		F5D085DB02A582DA014901DC = {
			fileRef = F51C6DE902959A17014901DC;
			isa = PBXBuildFile;
			settings = {
			};
		};
		F5D085DC02A582DA014901DC = {
			fileRef = F51C6DEA02959A17014901DC;
			isa = PBXBuildFile;
			settings = {
			};
		};
		F5D085DD02A582DA014901DC = {
			fileRef = F51C6DEB02959A17014901DC;
			isa = PBXBuildFile;
			settings = {
			};
		};
		F5D085DE02A582DA014901DC = {
			fileRef = F51C6DEC02959A17014901DC;
			isa = PBXBuildFile;
			settings = {
			};
		};
		F5D085DF02A582DA014901DC = {
			fileRef = F51C6DED02959A17014901DC;
			isa = PBXBuildFile;
			settings = {
			};
		};
		F5D085E002A582DA014901DC = {
			fileRef = F51C6DEE02959A17014901DC;
			isa = PBXBuildFile;
			settings = {
			};
		};
		F5D085E102A582DA014901DC = {
			fileRef = F51C6DEF02959A17014901DC;
			isa = PBXBuildFile;
			settings = {
			};
		};
		F5D085E202A582DA014901DC = {
			fileRef = F51C6DF002959A17014901DC;
			isa = PBXBuildFile;
			settings = {
			};
		};
		F5D085E302A582DA014901DC = {
			fileRef = F51C6DF102959A17014901DC;
			isa = PBXBuildFile;
			settings = {
			};
		};
		F5D085E402A582DA014901DC = {
			fileRef = F51C6DF202959A17014901DC;
			isa = PBXBuildFile;
			settings = {
			};
		};
		F5D085E502A582DA014901DC = {
			fileRef = F51C6DF302959A17014901DC;
			isa = PBXBuildFile;
			settings = {
			};
		};
		F5D085E602A582DA014901DC = {
			fileRef = F51C6DF402959A17014901DC;
			isa = PBXBuildFile;
			settings = {
			};
		};
		F5D085E702A582DA014901DC = {
			fileRef = F51C6DF502959A17014901DC;
			isa = PBXBuildFile;
			settings = {
			};
		};
		F5D085E802A582DA014901DC = {
			fileRef = F51C6DF602959A17014901DC;
			isa = PBXBuildFile;
			settings = {
			};
		};
		F5D085E902A582DA014901DC = {
			fileRef = F51C6DF702959A17014901DC;
			isa = PBXBuildFile;
			settings = {
			};
		};
		F5D085EA02A582DA014901DC = {
			fileRef = F51C6DF802959A17014901DC;
			isa = PBXBuildFile;
			settings = {
			};
		};
		F5D085EB02A582DA014901DC = {
			fileRef = F51C6DF902959A17014901DC;
			isa = PBXBuildFile;
			settings = {
			};
		};
		F5D085EC02A582DA014901DC = {
			fileRef = F51C6DFA02959A17014901DC;
			isa = PBXBuildFile;
			settings = {
			};
		};
		F5D085ED02A582DA014901DC = {
			fileRef = F51C6DFB02959A17014901DC;
			isa = PBXBuildFile;
			settings = {
			};
		};
		F5D085EE02A582DA014901DC = {
			fileRef = F51C6DFC02959A17014901DC;
			isa = PBXBuildFile;
			settings = {
			};
		};
		F5D085EF02A582DA014901DC = {
			fileRef = F51C6DFD02959A17014901DC;
			isa = PBXBuildFile;
			settings = {
			};
		};
		F5D085F002A582DA014901DC = {
			fileRef = F51C6DFE02959A17014901DC;
			isa = PBXBuildFile;
			settings = {
			};
		};
		F5D085F102A582DA014901DC = {
			fileRef = F51C6DFF02959A17014901DC;
			isa = PBXBuildFile;
			settings = {
			};
		};
		F5D085F202A582DA014901DC = {
			fileRef = F51C6E0102959A17014901DC;
			isa = PBXBuildFile;
			settings = {
			};
		};
		F5D085F302A582DA014901DC = {
			fileRef = F51C6E0202959A17014901DC;
			isa = PBXBuildFile;
			settings = {
			};
		};
		F5D085F402A582DA014901DC = {
			fileRef = F51C6E0302959A17014901DC;
			isa = PBXBuildFile;
			settings = {
			};
		};
		F5D085F502A582DA014901DC = {
			fileRef = F51C6E0402959A17014901DC;
			isa = PBXBuildFile;
			settings = {
			};
		};
		F5D085F602A582DA014901DC = {
			fileRef = F51C6E0502959A17014901DC;
			isa = PBXBuildFile;
			settings = {
			};
		};
		F5D085F702A582DA014901DC = {
			fileRef = F51C6E0602959A17014901DC;
			isa = PBXBuildFile;
			settings = {
			};
		};
		F5D085F802A582DA014901DC = {
			fileRef = F51C6E0702959A17014901DC;
			isa = PBXBuildFile;
			settings = {
			};
		};
		F5D085F902A582DA014901DC = {
			fileRef = F51C6E0802959A17014901DC;
			isa = PBXBuildFile;
			settings = {
			};
		};
		F5D085FA02A582DA014901DC = {
			fileRef = F51C6E0902959A17014901DC;
			isa = PBXBuildFile;
			settings = {
			};
		};
		F5D085FB02A582DA014901DC = {
			fileRef = F51C6E0A02959A17014901DC;
			isa = PBXBuildFile;
			settings = {
			};
		};
		F5D085FC02A582DA014901DC = {
			fileRef = F51C6E0B02959A17014901DC;
			isa = PBXBuildFile;
			settings = {
			};
		};
		F5D085FD02A582DA014901DC = {
			fileRef = F51C6E0D02959A17014901DC;
			isa = PBXBuildFile;
			settings = {
			};
		};
		F5D085FE02A582DA014901DC = {
			fileRef = F51C6E0C02959A17014901DC;
			isa = PBXBuildFile;
			settings = {
			};
		};
		F5D085FF02A582DA014901DC = {
			fileRef = F51C6E0E02959A17014901DC;
			isa = PBXBuildFile;
			settings = {
			};
		};
		F5D0860002A582DA014901DC = {
			fileRef = F51C6E0F02959A17014901DC;
			isa = PBXBuildFile;
			settings = {
			};
		};
		F5D0860102A582DA014901DC = {
			fileRef = F51C6E1002959A17014901DC;
			isa = PBXBuildFile;
			settings = {
			};
		};
		F5D0860202A582DA014901DC = {
			fileRef = F51C6E1102959A17014901DC;
			isa = PBXBuildFile;
			settings = {
			};
		};
		F5D0860302A5832D014901DC = {
			children = (
				F51C6D670295987B014901DC,
				F51C6D680295987B014901DC,
				F51C6D690295987B014901DC,
				F51C6D6A0295987B014901DC,
			);
			isa = PBXGroup;
			name = "Non Mac";
			refType = 4;
		};
		F5D0860402A5832D014901DC = {
			children = (
				F51C6D8A02959960014901DC,
				F51C6D8F02959960014901DC,
				F51C6D9002959960014901DC,
				F51C6D9102959960014901DC,
				F51C6D9202959960014901DC,
				F51C6D9302959960014901DC,
				F51C6D9402959960014901DC,
				F51C6D9502959960014901DC,
				F51C6D9602959960014901DC,
				F51C6D9702959960014901DC,
				F51C6D9802959960014901DC,
				F51C6D9902959960014901DC,
				F51C6D9E02959960014901DC,
				F51C6D9F02959960014901DC,
				F51C6DA002959960014901DC,
				F51C6DA102959960014901DC,
				F51C6DA202959960014901DC,
				F51C6DA302959960014901DC,
				F51C6DA402959960014901DC,
				F51C6DA502959960014901DC,
			);
			isa = PBXGroup;
			name = "Non Mac";
			refType = 4;
		};
		F5EDC6B90456666601000002 = {
			isa = PBXFileReference;
			path = SetTimeWindowController.h;
			refType = 2;
		};
		F5EDC6BA0456666601000002 = {
			isa = PBXFileReference;
			path = SetTimeWindowController.m;
			refType = 2;
		};
		F5EDC6BB0456666601000002 = {
			fileRef = F5EDC6B90456666601000002;
			isa = PBXBuildFile;
			settings = {
			};
		};
		F5EDC6BC0456666601000002 = {
			fileRef = F5EDC6BA0456666601000002;
			isa = PBXBuildFile;
			settings = {
			};
		};
	};
	rootObject = 29B97313FDCFA39411CA2CEA;
}
